// !$*UTF8*$!
{
	archiveVersion = 1;
	classes = {
	};
	objectVersion = 56;
	objects = {

/* Begin PBXBuildFile section */
		844D223C2A86E1FC00638249 /* BookmarkTabView.swift in Sources */ = {isa = PBXBuildFile; fileRef = 844D223B2A86E1FC00638249 /* BookmarkTabView.swift */; };
		844D223E2A86E2EE00638249 /* DataStore.swift in Sources */ = {isa = PBXBuildFile; fileRef = 844D223D2A86E2EE00638249 /* DataStore.swift */; };
		844D22402A8802F400638249 /* ArticleSearchViewModel.swift in Sources */ = {isa = PBXBuildFile; fileRef = 844D223F2A8802F400638249 /* ArticleSearchViewModel.swift */; };
		844D22422A88045100638249 /* SearchTabView.swift in Sources */ = {isa = PBXBuildFile; fileRef = 844D22412A88045100638249 /* SearchTabView.swift */; };
		844D22442A88ECC600638249 /* SearchHistoryListView.swift in Sources */ = {isa = PBXBuildFile; fileRef = 844D22432A88ECC600638249 /* SearchHistoryListView.swift */; };
		846EC9F82A83A337000DF1CE /* NewsMultiplatformApp.swift in Sources */ = {isa = PBXBuildFile; fileRef = 846EC9F72A83A337000DF1CE /* NewsMultiplatformApp.swift */; };
		846EC9FA2A83A337000DF1CE /* MainView.swift in Sources */ = {isa = PBXBuildFile; fileRef = 846EC9F92A83A337000DF1CE /* MainView.swift */; };
		846EC9FC2A83A339000DF1CE /* Assets.xcassets in Resources */ = {isa = PBXBuildFile; fileRef = 846EC9FB2A83A339000DF1CE /* Assets.xcassets */; };
		846EC9FF2A83A339000DF1CE /* Preview Assets.xcassets in Resources */ = {isa = PBXBuildFile; fileRef = 846EC9FE2A83A339000DF1CE /* Preview Assets.xcassets */; };
		846ECA062A83A495000DF1CE /* news.json in Resources */ = {isa = PBXBuildFile; fileRef = 846ECA052A83A495000DF1CE /* news.json */; };
		846ECA082A83A4B9000DF1CE /* Article.swift in Sources */ = {isa = PBXBuildFile; fileRef = 846ECA072A83A4B9000DF1CE /* Article.swift */; };
		846ECA0D2A83C867000DF1CE /* ArticleRowView.swift in Sources */ = {isa = PBXBuildFile; fileRef = 846ECA0C2A83C867000DF1CE /* ArticleRowView.swift */; };
		846ECA112A83CE1B000DF1CE /* ArticleListView.swift in Sources */ = {isa = PBXBuildFile; fileRef = 846ECA102A83CE1B000DF1CE /* ArticleListView.swift */; };
		846ECA132A83EB71000DF1CE /* SafariView.swift in Sources */ = {isa = PBXBuildFile; fileRef = 846ECA122A83EB71000DF1CE /* SafariView.swift */; };
		846ECA162A8406E9000DF1CE /* View + Ext.swift in Sources */ = {isa = PBXBuildFile; fileRef = 846ECA152A8406E9000DF1CE /* View + Ext.swift */; };
		846ECA182A840857000DF1CE /* Category.swift in Sources */ = {isa = PBXBuildFile; fileRef = 846ECA172A840857000DF1CE /* Category.swift */; };
		846ECA1B2A8408CD000DF1CE /* NewsAPI.swift in Sources */ = {isa = PBXBuildFile; fileRef = 846ECA1A2A8408CD000DF1CE /* NewsAPI.swift */; };
		846ECA1E2A840DAE000DF1CE /* ArticlesViewModel.swift in Sources */ = {isa = PBXBuildFile; fileRef = 846ECA1D2A840DAE000DF1CE /* ArticlesViewModel.swift */; };
		846ECA202A843D43000DF1CE /* NewsTabView.swift in Sources */ = {isa = PBXBuildFile; fileRef = 846ECA1F2A843D43000DF1CE /* NewsTabView.swift */; };
		846ECA222A84425F000DF1CE /* EmptyPlaceholderView.swift in Sources */ = {isa = PBXBuildFile; fileRef = 846ECA212A84425F000DF1CE /* EmptyPlaceholderView.swift */; };
		846ECA242A844367000DF1CE /* RetryView.swift in Sources */ = {isa = PBXBuildFile; fileRef = 846ECA232A844367000DF1CE /* RetryView.swift */; };
		846ECA262A85370C000DF1CE /* ArticleBookmarkViewModel.swift in Sources */ = {isa = PBXBuildFile; fileRef = 846ECA252A85370C000DF1CE /* ArticleBookmarkViewModel.swift */; };
/* End PBXBuildFile section */

/* Begin PBXFileReference section */
		844D223B2A86E1FC00638249 /* BookmarkTabView.swift */ = {isa = PBXFileReference; lastKnownFileType = sourcecode.swift; path = BookmarkTabView.swift; sourceTree = "<group>"; };
		844D223D2A86E2EE00638249 /* DataStore.swift */ = {isa = PBXFileReference; lastKnownFileType = sourcecode.swift; path = DataStore.swift; sourceTree = "<group>"; };
		844D223F2A8802F400638249 /* ArticleSearchViewModel.swift */ = {isa = PBXFileReference; lastKnownFileType = sourcecode.swift; path = ArticleSearchViewModel.swift; sourceTree = "<group>"; };
		844D22412A88045100638249 /* SearchTabView.swift */ = {isa = PBXFileReference; lastKnownFileType = sourcecode.swift; path = SearchTabView.swift; sourceTree = "<group>"; };
		844D22432A88ECC600638249 /* SearchHistoryListView.swift */ = {isa = PBXFileReference; lastKnownFileType = sourcecode.swift; path = SearchHistoryListView.swift; sourceTree = "<group>"; };
		846EC9F42A83A337000DF1CE /* NewsMultiplatform.app */ = {isa = PBXFileReference; explicitFileType = wrapper.application; includeInIndex = 0; path = NewsMultiplatform.app; sourceTree = BUILT_PRODUCTS_DIR; };
		846EC9F72A83A337000DF1CE /* NewsMultiplatformApp.swift */ = {isa = PBXFileReference; lastKnownFileType = sourcecode.swift; path = NewsMultiplatformApp.swift; sourceTree = "<group>"; };
		846EC9F92A83A337000DF1CE /* MainView.swift */ = {isa = PBXFileReference; lastKnownFileType = sourcecode.swift; path = MainView.swift; sourceTree = "<group>"; };
		846EC9FB2A83A339000DF1CE /* Assets.xcassets */ = {isa = PBXFileReference; lastKnownFileType = folder.assetcatalog; path = Assets.xcassets; sourceTree = "<group>"; };
		846EC9FE2A83A339000DF1CE /* Preview Assets.xcassets */ = {isa = PBXFileReference; lastKnownFileType = folder.assetcatalog; path = "Preview Assets.xcassets"; sourceTree = "<group>"; };
		846ECA052A83A495000DF1CE /* news.json */ = {isa = PBXFileReference; lastKnownFileType = text.json; path = news.json; sourceTree = "<group>"; };
		846ECA072A83A4B9000DF1CE /* Article.swift */ = {isa = PBXFileReference; lastKnownFileType = sourcecode.swift; path = Article.swift; sourceTree = "<group>"; };
		846ECA0C2A83C867000DF1CE /* ArticleRowView.swift */ = {isa = PBXFileReference; lastKnownFileType = sourcecode.swift; path = ArticleRowView.swift; sourceTree = "<group>"; };
		846ECA0F2A83CB77000DF1CE /* Info.plist */ = {isa = PBXFileReference; lastKnownFileType = text.plist; path = Info.plist; sourceTree = "<group>"; };
		846ECA102A83CE1B000DF1CE /* ArticleListView.swift */ = {isa = PBXFileReference; lastKnownFileType = sourcecode.swift; path = ArticleListView.swift; sourceTree = "<group>"; };
		846ECA122A83EB71000DF1CE /* SafariView.swift */ = {isa = PBXFileReference; lastKnownFileType = sourcecode.swift; path = SafariView.swift; sourceTree = "<group>"; };
		846ECA152A8406E9000DF1CE /* View + Ext.swift */ = {isa = PBXFileReference; lastKnownFileType = sourcecode.swift; path = "View + Ext.swift"; sourceTree = "<group>"; };
		846ECA172A840857000DF1CE /* Category.swift */ = {isa = PBXFileReference; lastKnownFileType = sourcecode.swift; path = Category.swift; sourceTree = "<group>"; };
		846ECA1A2A8408CD000DF1CE /* NewsAPI.swift */ = {isa = PBXFileReference; lastKnownFileType = sourcecode.swift; path = NewsAPI.swift; sourceTree = "<group>"; };
		846ECA1D2A840DAE000DF1CE /* ArticlesViewModel.swift */ = {isa = PBXFileReference; lastKnownFileType = sourcecode.swift; path = ArticlesViewModel.swift; sourceTree = "<group>"; };
		846ECA1F2A843D43000DF1CE /* NewsTabView.swift */ = {isa = PBXFileReference; lastKnownFileType = sourcecode.swift; path = NewsTabView.swift; sourceTree = "<group>"; };
		846ECA212A84425F000DF1CE /* EmptyPlaceholderView.swift */ = {isa = PBXFileReference; lastKnownFileType = sourcecode.swift; path = EmptyPlaceholderView.swift; sourceTree = "<group>"; };
		846ECA232A844367000DF1CE /* RetryView.swift */ = {isa = PBXFileReference; lastKnownFileType = sourcecode.swift; path = RetryView.swift; sourceTree = "<group>"; };
		846ECA252A85370C000DF1CE /* ArticleBookmarkViewModel.swift */ = {isa = PBXFileReference; lastKnownFileType = sourcecode.swift; path = ArticleBookmarkViewModel.swift; sourceTree = "<group>"; };
/* End PBXFileReference section */

/* Begin PBXFrameworksBuildPhase section */
		846EC9F12A83A337000DF1CE /* Frameworks */ = {
			isa = PBXFrameworksBuildPhase;
			buildActionMask = 2147483647;
			files = (
			);
			runOnlyForDeploymentPostprocessing = 0;
		};
/* End PBXFrameworksBuildPhase section */

/* Begin PBXGroup section */
		844D22452A88FE3300638249 /* Components */ = {
			isa = PBXGroup;
			children = (
				846ECA212A84425F000DF1CE /* EmptyPlaceholderView.swift */,
				846ECA232A844367000DF1CE /* RetryView.swift */,
			);
			path = Components;
			sourceTree = "<group>";
		};
		844D22462A88FE8200638249 /* Articles */ = {
			isa = PBXGroup;
			children = (
				846ECA0C2A83C867000DF1CE /* ArticleRowView.swift */,
				846ECA102A83CE1B000DF1CE /* ArticleListView.swift */,
				846ECA122A83EB71000DF1CE /* SafariView.swift */,
			);
			path = Articles;
			sourceTree = "<group>";
		};
		846EC9EB2A83A337000DF1CE = {
			isa = PBXGroup;
			children = (
				846EC9F62A83A337000DF1CE /* NewsMultiplatform */,
				846EC9F52A83A337000DF1CE /* Products */,
			);
			sourceTree = "<group>";
		};
		846EC9F52A83A337000DF1CE /* Products */ = {
			isa = PBXGroup;
			children = (
				846EC9F42A83A337000DF1CE /* NewsMultiplatform.app */,
			);
			name = Products;
			sourceTree = "<group>";
		};
		846EC9F62A83A337000DF1CE /* NewsMultiplatform */ = {
			isa = PBXGroup;
			children = (
				846ECA0F2A83CB77000DF1CE /* Info.plist */,
				846EC9F72A83A337000DF1CE /* NewsMultiplatformApp.swift */,
				846EC9F92A83A337000DF1CE /* MainView.swift */,
				846ECA1C2A840D95000DF1CE /* ViewModels */,
				846ECA192A8408C1000DF1CE /* API */,
				846ECA0E2A83C9ED000DF1CE /* Views */,
				846ECA0B2A83C85D000DF1CE /* Models */,
				846EC9FB2A83A339000DF1CE /* Assets.xcassets */,
				846ECA052A83A495000DF1CE /* news.json */,
				846ECA142A8406D9000DF1CE /* Extensions */,
				846EC9FD2A83A339000DF1CE /* Preview Content */,
			);
			path = NewsMultiplatform;
			sourceTree = "<group>";
		};
		846EC9FD2A83A339000DF1CE /* Preview Content */ = {
			isa = PBXGroup;
			children = (
				846EC9FE2A83A339000DF1CE /* Preview Assets.xcassets */,
			);
			path = "Preview Content";
			sourceTree = "<group>";
		};
		846ECA0B2A83C85D000DF1CE /* Models */ = {
			isa = PBXGroup;
			children = (
				846ECA072A83A4B9000DF1CE /* Article.swift */,
				846ECA172A840857000DF1CE /* Category.swift */,
				844D223D2A86E2EE00638249 /* DataStore.swift */,
			);
			path = Models;
			sourceTree = "<group>";
		};
		846ECA0E2A83C9ED000DF1CE /* Views */ = {
			isa = PBXGroup;
			children = (
				844D22452A88FE3300638249 /* Components */,
				844D22462A88FE8200638249 /* Articles */,
				846ECA1F2A843D43000DF1CE /* NewsTabView.swift */,
				844D223B2A86E1FC00638249 /* BookmarkTabView.swift */,
				844D22412A88045100638249 /* SearchTabView.swift */,
				844D22432A88ECC600638249 /* SearchHistoryListView.swift */,
			);
			path = Views;
			sourceTree = "<group>";
		};
		846ECA142A8406D9000DF1CE /* Extensions */ = {
			isa = PBXGroup;
			children = (
				846ECA152A8406E9000DF1CE /* View + Ext.swift */,
			);
			path = Extensions;
			sourceTree = "<group>";
		};
		846ECA192A8408C1000DF1CE /* API */ = {
			isa = PBXGroup;
			children = (
				846ECA1A2A8408CD000DF1CE /* NewsAPI.swift */,
			);
			path = API;
			sourceTree = "<group>";
		};
		846ECA1C2A840D95000DF1CE /* ViewModels */ = {
			isa = PBXGroup;
			children = (
				846ECA1D2A840DAE000DF1CE /* ArticlesViewModel.swift */,
				846ECA252A85370C000DF1CE /* ArticleBookmarkViewModel.swift */,
				844D223F2A8802F400638249 /* ArticleSearchViewModel.swift */,
			);
			path = ViewModels;
			sourceTree = "<group>";
		};
/* End PBXGroup section */

/* Begin PBXNativeTarget section */
		846EC9F32A83A337000DF1CE /* NewsMultiplatform */ = {
			isa = PBXNativeTarget;
			buildConfigurationList = 846ECA022A83A339000DF1CE /* Build configuration list for PBXNativeTarget "NewsMultiplatform" */;
			buildPhases = (
				846EC9F02A83A337000DF1CE /* Sources */,
				846EC9F12A83A337000DF1CE /* Frameworks */,
				846EC9F22A83A337000DF1CE /* Resources */,
			);
			buildRules = (
			);
			dependencies = (
			);
			name = NewsMultiplatform;
			productName = NewsMultiplatform;
			productReference = 846EC9F42A83A337000DF1CE /* NewsMultiplatform.app */;
			productType = "com.apple.product-type.application";
		};
/* End PBXNativeTarget section */

/* Begin PBXProject section */
		846EC9EC2A83A337000DF1CE /* Project object */ = {
			isa = PBXProject;
			attributes = {
				BuildIndependentTargetsInParallel = 1;
				LastSwiftUpdateCheck = 1430;
				LastUpgradeCheck = 1430;
				TargetAttributes = {
					846EC9F32A83A337000DF1CE = {
						CreatedOnToolsVersion = 14.3.1;
					};
				};
			};
			buildConfigurationList = 846EC9EF2A83A337000DF1CE /* Build configuration list for PBXProject "NewsMultiplatform" */;
			compatibilityVersion = "Xcode 14.0";
			developmentRegion = en;
			hasScannedForEncodings = 0;
			knownRegions = (
				en,
				Base,
			);
			mainGroup = 846EC9EB2A83A337000DF1CE;
			productRefGroup = 846EC9F52A83A337000DF1CE /* Products */;
			projectDirPath = "";
			projectRoot = "";
			targets = (
				846EC9F32A83A337000DF1CE /* NewsMultiplatform */,
			);
		};
/* End PBXProject section */

/* Begin PBXResourcesBuildPhase section */
		846EC9F22A83A337000DF1CE /* Resources */ = {
			isa = PBXResourcesBuildPhase;
			buildActionMask = 2147483647;
			files = (
				846EC9FF2A83A339000DF1CE /* Preview Assets.xcassets in Resources */,
				846ECA062A83A495000DF1CE /* news.json in Resources */,
				846EC9FC2A83A339000DF1CE /* Assets.xcassets in Resources */,
			);
			runOnlyForDeploymentPostprocessing = 0;
		};
/* End PBXResourcesBuildPhase section */

/* Begin PBXSourcesBuildPhase section */
		846EC9F02A83A337000DF1CE /* Sources */ = {
			isa = PBXSourcesBuildPhase;
			buildActionMask = 2147483647;
			files = (
				846EC9FA2A83A337000DF1CE /* MainView.swift in Sources */,
				844D223E2A86E2EE00638249 /* DataStore.swift in Sources */,
				846ECA1E2A840DAE000DF1CE /* ArticlesViewModel.swift in Sources */,
				846ECA222A84425F000DF1CE /* EmptyPlaceholderView.swift in Sources */,
				846ECA112A83CE1B000DF1CE /* ArticleListView.swift in Sources */,
				844D22442A88ECC600638249 /* SearchHistoryListView.swift in Sources */,
				846ECA242A844367000DF1CE /* RetryView.swift in Sources */,
				846ECA1B2A8408CD000DF1CE /* NewsAPI.swift in Sources */,
				846ECA0D2A83C867000DF1CE /* ArticleRowView.swift in Sources */,
				844D22422A88045100638249 /* SearchTabView.swift in Sources */,
				844D22402A8802F400638249 /* ArticleSearchViewModel.swift in Sources */,
				846EC9F82A83A337000DF1CE /* NewsMultiplatformApp.swift in Sources */,
				846ECA162A8406E9000DF1CE /* View + Ext.swift in Sources */,
				846ECA262A85370C000DF1CE /* ArticleBookmarkViewModel.swift in Sources */,
				846ECA202A843D43000DF1CE /* NewsTabView.swift in Sources */,
				846ECA132A83EB71000DF1CE /* SafariView.swift in Sources */,
				846ECA082A83A4B9000DF1CE /* Article.swift in Sources */,
				846ECA182A840857000DF1CE /* Category.swift in Sources */,
				844D223C2A86E1FC00638249 /* BookmarkTabView.swift in Sources */,
			);
			runOnlyForDeploymentPostprocessing = 0;
		};
/* End PBXSourcesBuildPhase section */

/* Begin XCBuildConfiguration section */
		846ECA002A83A339000DF1CE /* Debug */ = {
			isa = XCBuildConfiguration;
			buildSettings = {
				ALWAYS_SEARCH_USER_PATHS = NO;
				CLANG_ANALYZER_NONNULL = YES;
				CLANG_ANALYZER_NUMBER_OBJECT_CONVERSION = YES_AGGRESSIVE;
				CLANG_CXX_LANGUAGE_STANDARD = "gnu++20";
				CLANG_ENABLE_MODULES = YES;
				CLANG_ENABLE_OBJC_ARC = YES;
				CLANG_ENABLE_OBJC_WEAK = YES;
				CLANG_WARN_BLOCK_CAPTURE_AUTORELEASING = YES;
				CLANG_WARN_BOOL_CONVERSION = YES;
				CLANG_WARN_COMMA = YES;
				CLANG_WARN_CONSTANT_CONVERSION = YES;
				CLANG_WARN_DEPRECATED_OBJC_IMPLEMENTATIONS = YES;
				CLANG_WARN_DIRECT_OBJC_ISA_USAGE = YES_ERROR;
				CLANG_WARN_DOCUMENTATION_COMMENTS = YES;
				CLANG_WARN_EMPTY_BODY = YES;
				CLANG_WARN_ENUM_CONVERSION = YES;
				CLANG_WARN_INFINITE_RECURSION = YES;
				CLANG_WARN_INT_CONVERSION = YES;
				CLANG_WARN_NON_LITERAL_NULL_CONVERSION = YES;
				CLANG_WARN_OBJC_IMPLICIT_RETAIN_SELF = YES;
				CLANG_WARN_OBJC_LITERAL_CONVERSION = YES;
				CLANG_WARN_OBJC_ROOT_CLASS = YES_ERROR;
				CLANG_WARN_QUOTED_INCLUDE_IN_FRAMEWORK_HEADER = YES;
				CLANG_WARN_RANGE_LOOP_ANALYSIS = YES;
				CLANG_WARN_STRICT_PROTOTYPES = YES;
				CLANG_WARN_SUSPICIOUS_MOVE = YES;
				CLANG_WARN_UNGUARDED_AVAILABILITY = YES_AGGRESSIVE;
				CLANG_WARN_UNREACHABLE_CODE = YES;
				CLANG_WARN__DUPLICATE_METHOD_MATCH = YES;
				COPY_PHASE_STRIP = NO;
				DEBUG_INFORMATION_FORMAT = dwarf;
				ENABLE_STRICT_OBJC_MSGSEND = YES;
				ENABLE_TESTABILITY = YES;
				GCC_C_LANGUAGE_STANDARD = gnu11;
				GCC_DYNAMIC_NO_PIC = NO;
				GCC_NO_COMMON_BLOCKS = YES;
				GCC_OPTIMIZATION_LEVEL = 0;
				GCC_PREPROCESSOR_DEFINITIONS = (
					"DEBUG=1",
					"$(inherited)",
				);
				GCC_WARN_64_TO_32_BIT_CONVERSION = YES;
				GCC_WARN_ABOUT_RETURN_TYPE = YES_ERROR;
				GCC_WARN_UNDECLARED_SELECTOR = YES;
				GCC_WARN_UNINITIALIZED_AUTOS = YES_AGGRESSIVE;
				GCC_WARN_UNUSED_FUNCTION = YES;
				GCC_WARN_UNUSED_VARIABLE = YES;
				IPHONEOS_DEPLOYMENT_TARGET = 16.0;
				MTL_ENABLE_DEBUG_INFO = INCLUDE_SOURCE;
				MTL_FAST_MATH = YES;
				ONLY_ACTIVE_ARCH = YES;
				SDKROOT = iphoneos;
				SWIFT_ACTIVE_COMPILATION_CONDITIONS = DEBUG;
				SWIFT_OPTIMIZATION_LEVEL = "-Onone";
			};
			name = Debug;
		};
		846ECA012A83A339000DF1CE /* Release */ = {
			isa = XCBuildConfiguration;
			buildSettings = {
				ALWAYS_SEARCH_USER_PATHS = NO;
				CLANG_ANALYZER_NONNULL = YES;
				CLANG_ANALYZER_NUMBER_OBJECT_CONVERSION = YES_AGGRESSIVE;
				CLANG_CXX_LANGUAGE_STANDARD = "gnu++20";
				CLANG_ENABLE_MODULES = YES;
				CLANG_ENABLE_OBJC_ARC = YES;
				CLANG_ENABLE_OBJC_WEAK = YES;
				CLANG_WARN_BLOCK_CAPTURE_AUTORELEASING = YES;
				CLANG_WARN_BOOL_CONVERSION = YES;
				CLANG_WARN_COMMA = YES;
				CLANG_WARN_CONSTANT_CONVERSION = YES;
				CLANG_WARN_DEPRECATED_OBJC_IMPLEMENTATIONS = YES;
				CLANG_WARN_DIRECT_OBJC_ISA_USAGE = YES_ERROR;
				CLANG_WARN_DOCUMENTATION_COMMENTS = YES;
				CLANG_WARN_EMPTY_BODY = YES;
				CLANG_WARN_ENUM_CONVERSION = YES;
				CLANG_WARN_INFINITE_RECURSION = YES;
				CLANG_WARN_INT_CONVERSION = YES;
				CLANG_WARN_NON_LITERAL_NULL_CONVERSION = YES;
				CLANG_WARN_OBJC_IMPLICIT_RETAIN_SELF = YES;
				CLANG_WARN_OBJC_LITERAL_CONVERSION = YES;
				CLANG_WARN_OBJC_ROOT_CLASS = YES_ERROR;
				CLANG_WARN_QUOTED_INCLUDE_IN_FRAMEWORK_HEADER = YES;
				CLANG_WARN_RANGE_LOOP_ANALYSIS = YES;
				CLANG_WARN_STRICT_PROTOTYPES = YES;
				CLANG_WARN_SUSPICIOUS_MOVE = YES;
				CLANG_WARN_UNGUARDED_AVAILABILITY = YES_AGGRESSIVE;
				CLANG_WARN_UNREACHABLE_CODE = YES;
				CLANG_WARN__DUPLICATE_METHOD_MATCH = YES;
				COPY_PHASE_STRIP = NO;
				DEBUG_INFORMATION_FORMAT = "dwarf-with-dsym";
				ENABLE_NS_ASSERTIONS = NO;
				ENABLE_STRICT_OBJC_MSGSEND = YES;
				GCC_C_LANGUAGE_STANDARD = gnu11;
				GCC_NO_COMMON_BLOCKS = YES;
				GCC_WARN_64_TO_32_BIT_CONVERSION = YES;
				GCC_WARN_ABOUT_RETURN_TYPE = YES_ERROR;
				GCC_WARN_UNDECLARED_SELECTOR = YES;
				GCC_WARN_UNINITIALIZED_AUTOS = YES_AGGRESSIVE;
				GCC_WARN_UNUSED_FUNCTION = YES;
				GCC_WARN_UNUSED_VARIABLE = YES;
				IPHONEOS_DEPLOYMENT_TARGET = 16.0;
				MTL_ENABLE_DEBUG_INFO = NO;
				MTL_FAST_MATH = YES;
				SDKROOT = iphoneos;
				SWIFT_COMPILATION_MODE = wholemodule;
				SWIFT_OPTIMIZATION_LEVEL = "-O";
				VALIDATE_PRODUCT = YES;
			};
			name = Release;
		};
		846ECA032A83A339000DF1CE /* Debug */ = {
			isa = XCBuildConfiguration;
			buildSettings = {
				ASSETCATALOG_COMPILER_APPICON_NAME = AppIcon;
				ASSETCATALOG_COMPILER_GLOBAL_ACCENT_COLOR_NAME = AccentColor;
				CODE_SIGN_STYLE = Automatic;
				CURRENT_PROJECT_VERSION = 1;
				DEVELOPMENT_ASSET_PATHS = "\"NewsMultiplatform/Preview Content\"";
				DEVELOPMENT_TEAM = 45BPS947ZY;
				ENABLE_PREVIEWS = YES;
				GENERATE_INFOPLIST_FILE = YES;
				INFOPLIST_FILE = NewsMultiplatform/Info.plist;
				INFOPLIST_KEY_UIApplicationSceneManifest_Generation = YES;
				INFOPLIST_KEY_UIApplicationSupportsIndirectInputEvents = YES;
				INFOPLIST_KEY_UILaunchScreen_Generation = YES;
				INFOPLIST_KEY_UISupportedInterfaceOrientations_iPad = "UIInterfaceOrientationPortrait UIInterfaceOrientationPortraitUpsideDown UIInterfaceOrientationLandscapeLeft UIInterfaceOrientationLandscapeRight";
				INFOPLIST_KEY_UISupportedInterfaceOrientations_iPhone = "UIInterfaceOrientationPortrait UIInterfaceOrientationLandscapeLeft UIInterfaceOrientationLandscapeRight";
				IPHONEOS_DEPLOYMENT_TARGET = 16.0;
				LD_RUNPATH_SEARCH_PATHS = (
					"$(inherited)",
					"@executable_path/Frameworks",
				);
				MARKETING_VERSION = 1.0;
				PRODUCT_BUNDLE_IDENTIFIER = com.iosdream.NewsMultiplatform;
				PRODUCT_NAME = "$(TARGET_NAME)";
				SWIFT_EMIT_LOC_STRINGS = YES;
				SWIFT_VERSION = 5.0;
				TARGETED_DEVICE_FAMILY = "1,2";
			};
			name = Debug;
		};
		846ECA042A83A339000DF1CE /* Release */ = {
			isa = XCBuildConfiguration;
			buildSettings = {
				ASSETCATALOG_COMPILER_APPICON_NAME = AppIcon;
				ASSETCATALOG_COMPILER_GLOBAL_ACCENT_COLOR_NAME = AccentColor;
				CODE_SIGN_STYLE = Automatic;
				CURRENT_PROJECT_VERSION = 1;
				DEVELOPMENT_ASSET_PATHS = "\"NewsMultiplatform/Preview Content\"";
				DEVELOPMENT_TEAM = 45BPS947ZY;
				ENABLE_PREVIEWS = YES;
				GENERATE_INFOPLIST_FILE = YES;
				INFOPLIST_FILE = NewsMultiplatform/Info.plist;
				INFOPLIST_KEY_UIApplicationSceneManifest_Generation = YES;
				INFOPLIST_KEY_UIApplicationSupportsIndirectInputEvents = YES;
				INFOPLIST_KEY_UILaunchScreen_Generation = YES;
				INFOPLIST_KEY_UISupportedInterfaceOrientations_iPad = "UIInterfaceOrientationPortrait UIInterfaceOrientationPortraitUpsideDown UIInterfaceOrientationLandscapeLeft UIInterfaceOrientationLandscapeRight";
				INFOPLIST_KEY_UISupportedInterfaceOrientations_iPhone = "UIInterfaceOrientationPortrait UIInterfaceOrientationLandscapeLeft UIInterfaceOrientationLandscapeRight";
				IPHONEOS_DEPLOYMENT_TARGET = 16.0;
				LD_RUNPATH_SEARCH_PATHS = (
					"$(inherited)",
					"@executable_path/Frameworks",
				);
				MARKETING_VERSION = 1.0;
				PRODUCT_BUNDLE_IDENTIFIER = com.iosdream.NewsMultiplatform;
				PRODUCT_NAME = "$(TARGET_NAME)";
				SWIFT_EMIT_LOC_STRINGS = YES;
				SWIFT_VERSION = 5.0;
				TARGETED_DEVICE_FAMILY = "1,2";
			};
			name = Release;
		};
/* End XCBuildConfiguration section */

/* Begin XCConfigurationList section */
		846EC9EF2A83A337000DF1CE /* Build configuration list for PBXProject "NewsMultiplatform" */ = {
			isa = XCConfigurationList;
			buildConfigurations = (
				846ECA002A83A339000DF1CE /* Debug */,
				846ECA012A83A339000DF1CE /* Release */,
			);
			defaultConfigurationIsVisible = 0;
			defaultConfigurationName = Release;
		};
		846ECA022A83A339000DF1CE /* Build configuration list for PBXNativeTarget "NewsMultiplatform" */ = {
			isa = XCConfigurationList;
			buildConfigurations = (
				846ECA032A83A339000DF1CE /* Debug */,
				846ECA042A83A339000DF1CE /* Release */,
			);
			defaultConfigurationIsVisible = 0;
			defaultConfigurationName = Release;
		};
/* End XCConfigurationList section */
	};
	rootObject = 846EC9EC2A83A337000DF1CE /* Project object */;
}
