// !$*UTF8*$!
{
	archiveVersion = 1;
	classes = {
	};
	objectVersion = 56;
	objects = {

/* Begin PBXBuildFile section */
		842D60782A92349D006AD3EB /* NewsTVApp.swift in Sources */ = {isa = PBXBuildFile; fileRef = 842D60772A92349D006AD3EB /* NewsTVApp.swift */; };
		842D607A2A92349D006AD3EB /* ContentView.swift in Sources */ = {isa = PBXBuildFile; fileRef = 842D60792A92349D006AD3EB /* ContentView.swift */; };
		842D607C2A92349F006AD3EB /* Assets.xcassets in Resources */ = {isa = PBXBuildFile; fileRef = 842D607B2A92349F006AD3EB /* Assets.xcassets */; };
		842D607F2A92349F006AD3EB /* Preview Assets.xcassets in Resources */ = {isa = PBXBuildFile; fileRef = 842D607E2A92349F006AD3EB /* Preview Assets.xcassets */; };
		842D60832A92359E006AD3EB /* TabMenuItem.swift in Sources */ = {isa = PBXBuildFile; fileRef = 844D224D2A8A4BFA00638249 /* TabMenuItem.swift */; };
		842D60842A9236A1006AD3EB /* TabContentView.swift in Sources */ = {isa = PBXBuildFile; fileRef = 844D22472A895A3000638249 /* TabContentView.swift */; };
		842D60852A92379D006AD3EB /* View + Ext.swift in Sources */ = {isa = PBXBuildFile; fileRef = 846ECA152A8406E9000DF1CE /* View + Ext.swift */; };
		842D60862A92379D006AD3EB /* Article.swift in Sources */ = {isa = PBXBuildFile; fileRef = 846ECA072A83A4B9000DF1CE /* Article.swift */; };
		842D60872A92379D006AD3EB /* Category.swift in Sources */ = {isa = PBXBuildFile; fileRef = 846ECA172A840857000DF1CE /* Category.swift */; };
		842D60882A92379D006AD3EB /* ArticleBookmarkViewModel.swift in Sources */ = {isa = PBXBuildFile; fileRef = 846ECA252A85370C000DF1CE /* ArticleBookmarkViewModel.swift */; };
		842D608A2A92379D006AD3EB /* news.json in Resources */ = {isa = PBXBuildFile; fileRef = 846ECA052A83A495000DF1CE /* news.json */; };
		842D608B2A92379D006AD3EB /* DataStore.swift in Sources */ = {isa = PBXBuildFile; fileRef = 844D223D2A86E2EE00638249 /* DataStore.swift */; };
		842D608C2A92379D006AD3EB /* NewsAPI.swift in Sources */ = {isa = PBXBuildFile; fileRef = 846ECA1A2A8408CD000DF1CE /* NewsAPI.swift */; };
		842D608D2A9237A5006AD3EB /* TabMenuItem.swift in Sources */ = {isa = PBXBuildFile; fileRef = 844D224D2A8A4BFA00638249 /* TabMenuItem.swift */; };
		842D608E2A9237A5006AD3EB /* WatchConnectivityViewModel.swift in Sources */ = {isa = PBXBuildFile; fileRef = 84F0D2CF2A8E3628008276B8 /* WatchConnectivityViewModel.swift */; };
		842D60902A923830006AD3EB /* DataFetchPhase.swift in Sources */ = {isa = PBXBuildFile; fileRef = 842D608F2A923830006AD3EB /* DataFetchPhase.swift */; };
		842D60912A923830006AD3EB /* DataFetchPhase.swift in Sources */ = {isa = PBXBuildFile; fileRef = 842D608F2A923830006AD3EB /* DataFetchPhase.swift */; };
		842D60922A923830006AD3EB /* DataFetchPhase.swift in Sources */ = {isa = PBXBuildFile; fileRef = 842D608F2A923830006AD3EB /* DataFetchPhase.swift */; };
		842D60932A923830006AD3EB /* DataFetchPhase.swift in Sources */ = {isa = PBXBuildFile; fileRef = 842D608F2A923830006AD3EB /* DataFetchPhase.swift */; };
		842D60962A9239EC006AD3EB /* ArticleItemView.swift in Sources */ = {isa = PBXBuildFile; fileRef = 842D60952A9239EC006AD3EB /* ArticleItemView.swift */; };
		842D60972A9239EC006AD3EB /* ArticleItemView.swift in Sources */ = {isa = PBXBuildFile; fileRef = 842D60952A9239EC006AD3EB /* ArticleItemView.swift */; };
		842D60982A9239EC006AD3EB /* ArticleItemView.swift in Sources */ = {isa = PBXBuildFile; fileRef = 842D60952A9239EC006AD3EB /* ArticleItemView.swift */; };
		842D60992A9239EC006AD3EB /* ArticleItemView.swift in Sources */ = {isa = PBXBuildFile; fileRef = 842D60952A9239EC006AD3EB /* ArticleItemView.swift */; };
		842D609A2A923B1E006AD3EB /* WatchConnectivityViewModel.swift in Sources */ = {isa = PBXBuildFile; fileRef = 84F0D2CF2A8E3628008276B8 /* WatchConnectivityViewModel.swift */; };
		842D609B2A923B75006AD3EB /* ArticleSearchViewModel.swift in Sources */ = {isa = PBXBuildFile; fileRef = 844D223F2A8802F400638249 /* ArticleSearchViewModel.swift */; };
		842D609C2A923BAC006AD3EB /* MenuItem.swift in Sources */ = {isa = PBXBuildFile; fileRef = 844D224B2A89C83100638249 /* MenuItem.swift */; };
		842D609F2A9244F8006AD3EB /* ArticleCarouselView.swift in Sources */ = {isa = PBXBuildFile; fileRef = 842D609E2A9244F8006AD3EB /* ArticleCarouselView.swift */; };
		842D60A02A9244F8006AD3EB /* ArticleCarouselView.swift in Sources */ = {isa = PBXBuildFile; fileRef = 842D609E2A9244F8006AD3EB /* ArticleCarouselView.swift */; };
		842D60A12A9244F8006AD3EB /* ArticleCarouselView.swift in Sources */ = {isa = PBXBuildFile; fileRef = 842D609E2A9244F8006AD3EB /* ArticleCarouselView.swift */; };
		842D60A22A9244F8006AD3EB /* ArticleCarouselView.swift in Sources */ = {isa = PBXBuildFile; fileRef = 842D609E2A9244F8006AD3EB /* ArticleCarouselView.swift */; };
		842D60A42A927BB4006AD3EB /* CategoryArticles.swift in Sources */ = {isa = PBXBuildFile; fileRef = 842D60A32A927BB4006AD3EB /* CategoryArticles.swift */; };
		842D60A52A927BB4006AD3EB /* CategoryArticles.swift in Sources */ = {isa = PBXBuildFile; fileRef = 842D60A32A927BB4006AD3EB /* CategoryArticles.swift */; };
		842D60A62A927BB4006AD3EB /* CategoryArticles.swift in Sources */ = {isa = PBXBuildFile; fileRef = 842D60A32A927BB4006AD3EB /* CategoryArticles.swift */; };
		842D60A72A927BB4006AD3EB /* CategoryArticles.swift in Sources */ = {isa = PBXBuildFile; fileRef = 842D60A32A927BB4006AD3EB /* CategoryArticles.swift */; };
		842D60A92A928335006AD3EB /* ArticleCategoriesViewModel.swift in Sources */ = {isa = PBXBuildFile; fileRef = 842D60A82A928335006AD3EB /* ArticleCategoriesViewModel.swift */; };
		842D60AB2A92AF00006AD3EB /* NewsView.swift in Sources */ = {isa = PBXBuildFile; fileRef = 842D60AA2A92AF00006AD3EB /* NewsView.swift */; };
		842D60AC2A92B041006AD3EB /* EmptyPlaceholderView.swift in Sources */ = {isa = PBXBuildFile; fileRef = 846ECA212A84425F000DF1CE /* EmptyPlaceholderView.swift */; };
		842D60AD2A92B062006AD3EB /* RetryView.swift in Sources */ = {isa = PBXBuildFile; fileRef = 846ECA232A844367000DF1CE /* RetryView.swift */; };
		842D60AF2A92B338006AD3EB /* ArticleDetailView.swift in Sources */ = {isa = PBXBuildFile; fileRef = 842D60AE2A92B338006AD3EB /* ArticleDetailView.swift */; };
		842D60B02A92B57C006AD3EB /* BookmarkTabView.swift in Sources */ = {isa = PBXBuildFile; fileRef = 844D223B2A86E1FC00638249 /* BookmarkTabView.swift */; };
		842D60B12A92B57C006AD3EB /* ArticleListView.swift in Sources */ = {isa = PBXBuildFile; fileRef = 846ECA102A83CE1B000DF1CE /* ArticleListView.swift */; };
		842D60B22A92BB02006AD3EB /* SearchTabView.swift in Sources */ = {isa = PBXBuildFile; fileRef = 844D22412A88045100638249 /* SearchTabView.swift */; };
		844D223C2A86E1FC00638249 /* BookmarkTabView.swift in Sources */ = {isa = PBXBuildFile; fileRef = 844D223B2A86E1FC00638249 /* BookmarkTabView.swift */; };
		844D223E2A86E2EE00638249 /* DataStore.swift in Sources */ = {isa = PBXBuildFile; fileRef = 844D223D2A86E2EE00638249 /* DataStore.swift */; };
		844D22402A8802F400638249 /* ArticleSearchViewModel.swift in Sources */ = {isa = PBXBuildFile; fileRef = 844D223F2A8802F400638249 /* ArticleSearchViewModel.swift */; };
		844D22422A88045100638249 /* SearchTabView.swift in Sources */ = {isa = PBXBuildFile; fileRef = 844D22412A88045100638249 /* SearchTabView.swift */; };
		844D22442A88ECC600638249 /* SearchHistoryListView.swift in Sources */ = {isa = PBXBuildFile; fileRef = 844D22432A88ECC600638249 /* SearchHistoryListView.swift */; };
		844D22482A895A3000638249 /* TabContentView.swift in Sources */ = {isa = PBXBuildFile; fileRef = 844D22472A895A3000638249 /* TabContentView.swift */; };
		844D224A2A895A9800638249 /* SidebarContentView.swift in Sources */ = {isa = PBXBuildFile; fileRef = 844D22492A895A9800638249 /* SidebarContentView.swift */; };
		844D224C2A89C83100638249 /* MenuItem.swift in Sources */ = {isa = PBXBuildFile; fileRef = 844D224B2A89C83100638249 /* MenuItem.swift */; };
		844D224E2A8A4BFA00638249 /* TabMenuItem.swift in Sources */ = {isa = PBXBuildFile; fileRef = 844D224D2A8A4BFA00638249 /* TabMenuItem.swift */; };
		844D22562A8A821400638249 /* NewsMMMacApp.swift in Sources */ = {isa = PBXBuildFile; fileRef = 844D22552A8A821400638249 /* NewsMMMacApp.swift */; };
		844D22582A8A821400638249 /* ContentView.swift in Sources */ = {isa = PBXBuildFile; fileRef = 844D22572A8A821400638249 /* ContentView.swift */; };
		844D225A2A8A821600638249 /* Assets.xcassets in Resources */ = {isa = PBXBuildFile; fileRef = 844D22592A8A821600638249 /* Assets.xcassets */; };
		844D225D2A8A821600638249 /* Preview Assets.xcassets in Resources */ = {isa = PBXBuildFile; fileRef = 844D225C2A8A821600638249 /* Preview Assets.xcassets */; };
		844D22692A8A83C200638249 /* news.json in Resources */ = {isa = PBXBuildFile; fileRef = 846ECA052A83A495000DF1CE /* news.json */; };
		844D226A2A8A83C200638249 /* Article.swift in Sources */ = {isa = PBXBuildFile; fileRef = 846ECA072A83A4B9000DF1CE /* Article.swift */; };
		844D226B2A8A83C200638249 /* MenuItem.swift in Sources */ = {isa = PBXBuildFile; fileRef = 844D224B2A89C83100638249 /* MenuItem.swift */; };
		844D226C2A8A83C200638249 /* Category.swift in Sources */ = {isa = PBXBuildFile; fileRef = 846ECA172A840857000DF1CE /* Category.swift */; };
		844D226D2A8A83C200638249 /* ArticlesViewModel.swift in Sources */ = {isa = PBXBuildFile; fileRef = 846ECA1D2A840DAE000DF1CE /* ArticlesViewModel.swift */; };
		844D226E2A8A83C200638249 /* ArticleBookmarkViewModel.swift in Sources */ = {isa = PBXBuildFile; fileRef = 846ECA252A85370C000DF1CE /* ArticleBookmarkViewModel.swift */; };
		844D226F2A8A83C200638249 /* ArticleSearchViewModel.swift in Sources */ = {isa = PBXBuildFile; fileRef = 844D223F2A8802F400638249 /* ArticleSearchViewModel.swift */; };
		844D22702A8A83C200638249 /* DataStore.swift in Sources */ = {isa = PBXBuildFile; fileRef = 844D223D2A86E2EE00638249 /* DataStore.swift */; };
		844D22712A8A83C200638249 /* NewsAPI.swift in Sources */ = {isa = PBXBuildFile; fileRef = 846ECA1A2A8408CD000DF1CE /* NewsAPI.swift */; };
		844D22742A8A8D1000638249 /* SidebarListView.swift in Sources */ = {isa = PBXBuildFile; fileRef = 844D22732A8A8D1000638249 /* SidebarListView.swift */; };
		844D22762A8B805700638249 /* NewsTabView.swift in Sources */ = {isa = PBXBuildFile; fileRef = 846ECA1F2A843D43000DF1CE /* NewsTabView.swift */; };
		844D22772A8B805700638249 /* ArticleRowView.swift in Sources */ = {isa = PBXBuildFile; fileRef = 846ECA0C2A83C867000DF1CE /* ArticleRowView.swift */; };
		844D22782A8B805700638249 /* EmptyPlaceholderView.swift in Sources */ = {isa = PBXBuildFile; fileRef = 846ECA212A84425F000DF1CE /* EmptyPlaceholderView.swift */; };
		844D22792A8B805700638249 /* RetryView.swift in Sources */ = {isa = PBXBuildFile; fileRef = 846ECA232A844367000DF1CE /* RetryView.swift */; };
		844D227A2A8B805700638249 /* ArticleListView.swift in Sources */ = {isa = PBXBuildFile; fileRef = 846ECA102A83CE1B000DF1CE /* ArticleListView.swift */; };
		844D227B2A8B83E400638249 /* View + Ext.swift in Sources */ = {isa = PBXBuildFile; fileRef = 846ECA152A8406E9000DF1CE /* View + Ext.swift */; };
		844D227C2A8B950F00638249 /* BookmarkTabView.swift in Sources */ = {isa = PBXBuildFile; fileRef = 844D223B2A86E1FC00638249 /* BookmarkTabView.swift */; };
		844D227E2A8BB9AE00638249 /* FocusedValues+RefreshAction.swift in Sources */ = {isa = PBXBuildFile; fileRef = 844D227D2A8BB9AE00638249 /* FocusedValues+RefreshAction.swift */; };
		844D22802A8BBB3E00638249 /* NewsCommands.swift in Sources */ = {isa = PBXBuildFile; fileRef = 844D227F2A8BBB3E00638249 /* NewsCommands.swift */; };
		844D22822A8BBDB500638249 /* SettingsView.swift in Sources */ = {isa = PBXBuildFile; fileRef = 844D22812A8BBDB500638249 /* SettingsView.swift */; };
		844D22832A8BC36900638249 /* SearchTabView.swift in Sources */ = {isa = PBXBuildFile; fileRef = 844D22412A88045100638249 /* SearchTabView.swift */; };
		844D228C2A8C168000638249 /* NewsWatch Watch App.app in Embed Watch Content */ = {isa = PBXBuildFile; fileRef = 844D228B2A8C168000638249 /* NewsWatch Watch App.app */; settings = {ATTRIBUTES = (RemoveHeadersOnCopy, ); }; };
		844D22912A8C168000638249 /* NewsWatchApp.swift in Sources */ = {isa = PBXBuildFile; fileRef = 844D22902A8C168000638249 /* NewsWatchApp.swift */; };
		844D22932A8C168000638249 /* ContentView.swift in Sources */ = {isa = PBXBuildFile; fileRef = 844D22922A8C168000638249 /* ContentView.swift */; };
		844D22952A8C168200638249 /* Assets.xcassets in Resources */ = {isa = PBXBuildFile; fileRef = 844D22942A8C168200638249 /* Assets.xcassets */; };
		844D22982A8C168200638249 /* Preview Assets.xcassets in Resources */ = {isa = PBXBuildFile; fileRef = 844D22972A8C168200638249 /* Preview Assets.xcassets */; };
		844D22A02A8C170E00638249 /* DataStore.swift in Sources */ = {isa = PBXBuildFile; fileRef = 844D223D2A86E2EE00638249 /* DataStore.swift */; };
		844D22A12A8C170E00638249 /* MenuItem.swift in Sources */ = {isa = PBXBuildFile; fileRef = 844D224B2A89C83100638249 /* MenuItem.swift */; };
		844D22A22A8C170E00638249 /* news.json in Resources */ = {isa = PBXBuildFile; fileRef = 846ECA052A83A495000DF1CE /* news.json */; };
		844D22A32A8C170E00638249 /* Article.swift in Sources */ = {isa = PBXBuildFile; fileRef = 846ECA072A83A4B9000DF1CE /* Article.swift */; };
		844D22A42A8C170E00638249 /* NewsAPI.swift in Sources */ = {isa = PBXBuildFile; fileRef = 846ECA1A2A8408CD000DF1CE /* NewsAPI.swift */; };
		844D22A52A8C170E00638249 /* Category.swift in Sources */ = {isa = PBXBuildFile; fileRef = 846ECA172A840857000DF1CE /* Category.swift */; };
		844D22A62A8C170E00638249 /* ArticleSearchViewModel.swift in Sources */ = {isa = PBXBuildFile; fileRef = 844D223F2A8802F400638249 /* ArticleSearchViewModel.swift */; };
		844D22A72A8C170E00638249 /* ArticlesViewModel.swift in Sources */ = {isa = PBXBuildFile; fileRef = 846ECA1D2A840DAE000DF1CE /* ArticlesViewModel.swift */; };
		844D22A82A8C170E00638249 /* ArticleBookmarkViewModel.swift in Sources */ = {isa = PBXBuildFile; fileRef = 846ECA252A85370C000DF1CE /* ArticleBookmarkViewModel.swift */; };
		846EC9F82A83A337000DF1CE /* NewsMultiplatformApp.swift in Sources */ = {isa = PBXBuildFile; fileRef = 846EC9F72A83A337000DF1CE /* NewsMultiplatformApp.swift */; };
		846EC9FA2A83A337000DF1CE /* ContentView.swift in Sources */ = {isa = PBXBuildFile; fileRef = 846EC9F92A83A337000DF1CE /* ContentView.swift */; };
		846EC9FC2A83A339000DF1CE /* Assets.xcassets in Resources */ = {isa = PBXBuildFile; fileRef = 846EC9FB2A83A339000DF1CE /* Assets.xcassets */; };
		846EC9FF2A83A339000DF1CE /* Preview Assets.xcassets in Resources */ = {isa = PBXBuildFile; fileRef = 846EC9FE2A83A339000DF1CE /* Preview Assets.xcassets */; };
		846ECA062A83A495000DF1CE /* news.json in Resources */ = {isa = PBXBuildFile; fileRef = 846ECA052A83A495000DF1CE /* news.json */; };
		846ECA082A83A4B9000DF1CE /* Article.swift in Sources */ = {isa = PBXBuildFile; fileRef = 846ECA072A83A4B9000DF1CE /* Article.swift */; };
		846ECA0D2A83C867000DF1CE /* ArticleRowView.swift in Sources */ = {isa = PBXBuildFile; fileRef = 846ECA0C2A83C867000DF1CE /* ArticleRowView.swift */; };
		846ECA112A83CE1B000DF1CE /* ArticleListView.swift in Sources */ = {isa = PBXBuildFile; fileRef = 846ECA102A83CE1B000DF1CE /* ArticleListView.swift */; };
		846ECA132A83EB71000DF1CE /* SafariView.swift in Sources */ = {isa = PBXBuildFile; fileRef = 846ECA122A83EB71000DF1CE /* SafariView.swift */; };
		846ECA162A8406E9000DF1CE /* View + Ext.swift in Sources */ = {isa = PBXBuildFile; fileRef = 846ECA152A8406E9000DF1CE /* View + Ext.swift */; };
		846ECA182A840857000DF1CE /* Category.swift in Sources */ = {isa = PBXBuildFile; fileRef = 846ECA172A840857000DF1CE /* Category.swift */; };
		846ECA1B2A8408CD000DF1CE /* NewsAPI.swift in Sources */ = {isa = PBXBuildFile; fileRef = 846ECA1A2A8408CD000DF1CE /* NewsAPI.swift */; };
		846ECA1E2A840DAE000DF1CE /* ArticlesViewModel.swift in Sources */ = {isa = PBXBuildFile; fileRef = 846ECA1D2A840DAE000DF1CE /* ArticlesViewModel.swift */; };
		846ECA202A843D43000DF1CE /* NewsTabView.swift in Sources */ = {isa = PBXBuildFile; fileRef = 846ECA1F2A843D43000DF1CE /* NewsTabView.swift */; };
		846ECA222A84425F000DF1CE /* EmptyPlaceholderView.swift in Sources */ = {isa = PBXBuildFile; fileRef = 846ECA212A84425F000DF1CE /* EmptyPlaceholderView.swift */; };
		846ECA242A844367000DF1CE /* RetryView.swift in Sources */ = {isa = PBXBuildFile; fileRef = 846ECA232A844367000DF1CE /* RetryView.swift */; };
		846ECA262A85370C000DF1CE /* ArticleBookmarkViewModel.swift in Sources */ = {isa = PBXBuildFile; fileRef = 846ECA252A85370C000DF1CE /* ArticleBookmarkViewModel.swift */; };
		84F0D2C42A8D4FBA008276B8 /* ArticleRowView.swift in Sources */ = {isa = PBXBuildFile; fileRef = 846ECA0C2A83C867000DF1CE /* ArticleRowView.swift */; };
		84F0D2C52A8D4FBA008276B8 /* EmptyPlaceholderView.swift in Sources */ = {isa = PBXBuildFile; fileRef = 846ECA212A84425F000DF1CE /* EmptyPlaceholderView.swift */; };
		84F0D2C62A8D4FBA008276B8 /* ArticleListView.swift in Sources */ = {isa = PBXBuildFile; fileRef = 846ECA102A83CE1B000DF1CE /* ArticleListView.swift */; };
		84F0D2C72A8D4FBA008276B8 /* RetryView.swift in Sources */ = {isa = PBXBuildFile; fileRef = 846ECA232A844367000DF1CE /* RetryView.swift */; };
		84F0D2C82A8D4FBA008276B8 /* NewsTabView.swift in Sources */ = {isa = PBXBuildFile; fileRef = 846ECA1F2A843D43000DF1CE /* NewsTabView.swift */; };
		84F0D2C92A8D5062008276B8 /* View + Ext.swift in Sources */ = {isa = PBXBuildFile; fileRef = 846ECA152A8406E9000DF1CE /* View + Ext.swift */; };
		84F0D2CC2A8E14A0008276B8 /* ArticleDetailView.swift in Sources */ = {isa = PBXBuildFile; fileRef = 84F0D2CB2A8E14A0008276B8 /* ArticleDetailView.swift */; };
		84F0D2CD2A8E1836008276B8 /* BookmarkTabView.swift in Sources */ = {isa = PBXBuildFile; fileRef = 844D223B2A86E1FC00638249 /* BookmarkTabView.swift */; };
		84F0D2CE2A8E1DDA008276B8 /* SearchTabView.swift in Sources */ = {isa = PBXBuildFile; fileRef = 844D22412A88045100638249 /* SearchTabView.swift */; };
		84F0D2D02A8E3628008276B8 /* WatchConnectivityViewModel.swift in Sources */ = {isa = PBXBuildFile; fileRef = 84F0D2CF2A8E3628008276B8 /* WatchConnectivityViewModel.swift */; };
/* End PBXBuildFile section */

/* Begin PBXContainerItemProxy section */
		844D228D2A8C168000638249 /* PBXContainerItemProxy */ = {
			isa = PBXContainerItemProxy;
			containerPortal = 846EC9EC2A83A337000DF1CE /* Project object */;
			proxyType = 1;
			remoteGlobalIDString = 844D228A2A8C168000638249;
			remoteInfo = "NewsWatch Watch App";
		};
/* End PBXContainerItemProxy section */

/* Begin PBXCopyFilesBuildPhase section */
		844D229C2A8C168200638249 /* Embed Watch Content */ = {
			isa = PBXCopyFilesBuildPhase;
			buildActionMask = 2147483647;
			dstPath = "$(CONTENTS_FOLDER_PATH)/Watch";
			dstSubfolderSpec = 16;
			files = (
				844D228C2A8C168000638249 /* NewsWatch Watch App.app in Embed Watch Content */,
			);
			name = "Embed Watch Content";
			runOnlyForDeploymentPostprocessing = 0;
		};
/* End PBXCopyFilesBuildPhase section */

/* Begin PBXFileReference section */
		842D60752A92349D006AD3EB /* NewsTV.app */ = {isa = PBXFileReference; explicitFileType = wrapper.application; includeInIndex = 0; path = NewsTV.app; sourceTree = BUILT_PRODUCTS_DIR; };
		842D60772A92349D006AD3EB /* NewsTVApp.swift */ = {isa = PBXFileReference; lastKnownFileType = sourcecode.swift; path = NewsTVApp.swift; sourceTree = "<group>"; };
		842D60792A92349D006AD3EB /* ContentView.swift */ = {isa = PBXFileReference; lastKnownFileType = sourcecode.swift; path = ContentView.swift; sourceTree = "<group>"; };
		842D607B2A92349F006AD3EB /* Assets.xcassets */ = {isa = PBXFileReference; lastKnownFileType = folder.assetcatalog; path = Assets.xcassets; sourceTree = "<group>"; };
		842D607E2A92349F006AD3EB /* Preview Assets.xcassets */ = {isa = PBXFileReference; lastKnownFileType = folder.assetcatalog; path = "Preview Assets.xcassets"; sourceTree = "<group>"; };
		842D608F2A923830006AD3EB /* DataFetchPhase.swift */ = {isa = PBXFileReference; lastKnownFileType = sourcecode.swift; path = DataFetchPhase.swift; sourceTree = "<group>"; };
		842D60952A9239EC006AD3EB /* ArticleItemView.swift */ = {isa = PBXFileReference; lastKnownFileType = sourcecode.swift; path = ArticleItemView.swift; sourceTree = "<group>"; };
		842D609E2A9244F8006AD3EB /* ArticleCarouselView.swift */ = {isa = PBXFileReference; lastKnownFileType = sourcecode.swift; path = ArticleCarouselView.swift; sourceTree = "<group>"; };
		842D60A32A927BB4006AD3EB /* CategoryArticles.swift */ = {isa = PBXFileReference; lastKnownFileType = sourcecode.swift; path = CategoryArticles.swift; sourceTree = "<group>"; };
		842D60A82A928335006AD3EB /* ArticleCategoriesViewModel.swift */ = {isa = PBXFileReference; lastKnownFileType = sourcecode.swift; path = ArticleCategoriesViewModel.swift; sourceTree = "<group>"; };
		842D60AA2A92AF00006AD3EB /* NewsView.swift */ = {isa = PBXFileReference; lastKnownFileType = sourcecode.swift; path = NewsView.swift; sourceTree = "<group>"; };
		842D60AE2A92B338006AD3EB /* ArticleDetailView.swift */ = {isa = PBXFileReference; lastKnownFileType = sourcecode.swift; path = ArticleDetailView.swift; sourceTree = "<group>"; };
		844D223B2A86E1FC00638249 /* BookmarkTabView.swift */ = {isa = PBXFileReference; lastKnownFileType = sourcecode.swift; path = BookmarkTabView.swift; sourceTree = "<group>"; };
		844D223D2A86E2EE00638249 /* DataStore.swift */ = {isa = PBXFileReference; lastKnownFileType = sourcecode.swift; path = DataStore.swift; sourceTree = "<group>"; };
		844D223F2A8802F400638249 /* ArticleSearchViewModel.swift */ = {isa = PBXFileReference; lastKnownFileType = sourcecode.swift; path = ArticleSearchViewModel.swift; sourceTree = "<group>"; };
		844D22412A88045100638249 /* SearchTabView.swift */ = {isa = PBXFileReference; lastKnownFileType = sourcecode.swift; path = SearchTabView.swift; sourceTree = "<group>"; };
		844D22432A88ECC600638249 /* SearchHistoryListView.swift */ = {isa = PBXFileReference; lastKnownFileType = sourcecode.swift; path = SearchHistoryListView.swift; sourceTree = "<group>"; };
		844D22472A895A3000638249 /* TabContentView.swift */ = {isa = PBXFileReference; lastKnownFileType = sourcecode.swift; path = TabContentView.swift; sourceTree = "<group>"; };
		844D22492A895A9800638249 /* SidebarContentView.swift */ = {isa = PBXFileReference; lastKnownFileType = sourcecode.swift; path = SidebarContentView.swift; sourceTree = "<group>"; };
		844D224B2A89C83100638249 /* MenuItem.swift */ = {isa = PBXFileReference; lastKnownFileType = sourcecode.swift; path = MenuItem.swift; sourceTree = "<group>"; };
		844D224D2A8A4BFA00638249 /* TabMenuItem.swift */ = {isa = PBXFileReference; lastKnownFileType = sourcecode.swift; path = TabMenuItem.swift; sourceTree = "<group>"; };
		844D22532A8A821400638249 /* NewsMMMac.app */ = {isa = PBXFileReference; explicitFileType = wrapper.application; includeInIndex = 0; path = NewsMMMac.app; sourceTree = BUILT_PRODUCTS_DIR; };
		844D22552A8A821400638249 /* NewsMMMacApp.swift */ = {isa = PBXFileReference; lastKnownFileType = sourcecode.swift; path = NewsMMMacApp.swift; sourceTree = "<group>"; };
		844D22572A8A821400638249 /* ContentView.swift */ = {isa = PBXFileReference; lastKnownFileType = sourcecode.swift; path = ContentView.swift; sourceTree = "<group>"; };
		844D22592A8A821600638249 /* Assets.xcassets */ = {isa = PBXFileReference; lastKnownFileType = folder.assetcatalog; path = Assets.xcassets; sourceTree = "<group>"; };
		844D225C2A8A821600638249 /* Preview Assets.xcassets */ = {isa = PBXFileReference; lastKnownFileType = folder.assetcatalog; path = "Preview Assets.xcassets"; sourceTree = "<group>"; };
		844D225E2A8A821600638249 /* NewsMMMac.entitlements */ = {isa = PBXFileReference; lastKnownFileType = text.plist.entitlements; path = NewsMMMac.entitlements; sourceTree = "<group>"; };
		844D22622A8A82C600638249 /* Info.plist */ = {isa = PBXFileReference; lastKnownFileType = text.plist; path = Info.plist; sourceTree = "<group>"; };
		844D22732A8A8D1000638249 /* SidebarListView.swift */ = {isa = PBXFileReference; lastKnownFileType = sourcecode.swift; path = SidebarListView.swift; sourceTree = "<group>"; };
		844D227D2A8BB9AE00638249 /* FocusedValues+RefreshAction.swift */ = {isa = PBXFileReference; lastKnownFileType = sourcecode.swift; path = "FocusedValues+RefreshAction.swift"; sourceTree = "<group>"; };
		844D227F2A8BBB3E00638249 /* NewsCommands.swift */ = {isa = PBXFileReference; lastKnownFileType = sourcecode.swift; path = NewsCommands.swift; sourceTree = "<group>"; };
		844D22812A8BBDB500638249 /* SettingsView.swift */ = {isa = PBXFileReference; lastKnownFileType = sourcecode.swift; path = SettingsView.swift; sourceTree = "<group>"; };
		844D22862A8C168000638249 /* NewsWatch.app */ = {isa = PBXFileReference; explicitFileType = wrapper.application; includeInIndex = 0; path = NewsWatch.app; sourceTree = BUILT_PRODUCTS_DIR; };
		844D228B2A8C168000638249 /* NewsWatch Watch App.app */ = {isa = PBXFileReference; explicitFileType = wrapper.application; includeInIndex = 0; path = "NewsWatch Watch App.app"; sourceTree = BUILT_PRODUCTS_DIR; };
		844D22902A8C168000638249 /* NewsWatchApp.swift */ = {isa = PBXFileReference; lastKnownFileType = sourcecode.swift; path = NewsWatchApp.swift; sourceTree = "<group>"; };
		844D22922A8C168000638249 /* ContentView.swift */ = {isa = PBXFileReference; lastKnownFileType = sourcecode.swift; path = ContentView.swift; sourceTree = "<group>"; };
		844D22942A8C168200638249 /* Assets.xcassets */ = {isa = PBXFileReference; lastKnownFileType = folder.assetcatalog; path = Assets.xcassets; sourceTree = "<group>"; };
		844D22972A8C168200638249 /* Preview Assets.xcassets */ = {isa = PBXFileReference; lastKnownFileType = folder.assetcatalog; path = "Preview Assets.xcassets"; sourceTree = "<group>"; };
		846EC9F42A83A337000DF1CE /* NewsMultiplatform.app */ = {isa = PBXFileReference; explicitFileType = wrapper.application; includeInIndex = 0; path = NewsMultiplatform.app; sourceTree = BUILT_PRODUCTS_DIR; };
		846EC9F72A83A337000DF1CE /* NewsMultiplatformApp.swift */ = {isa = PBXFileReference; lastKnownFileType = sourcecode.swift; path = NewsMultiplatformApp.swift; sourceTree = "<group>"; };
		846EC9F92A83A337000DF1CE /* ContentView.swift */ = {isa = PBXFileReference; lastKnownFileType = sourcecode.swift; path = ContentView.swift; sourceTree = "<group>"; };
		846EC9FB2A83A339000DF1CE /* Assets.xcassets */ = {isa = PBXFileReference; lastKnownFileType = folder.assetcatalog; path = Assets.xcassets; sourceTree = "<group>"; };
		846EC9FE2A83A339000DF1CE /* Preview Assets.xcassets */ = {isa = PBXFileReference; lastKnownFileType = folder.assetcatalog; path = "Preview Assets.xcassets"; sourceTree = "<group>"; };
		846ECA052A83A495000DF1CE /* news.json */ = {isa = PBXFileReference; lastKnownFileType = text.json; path = news.json; sourceTree = "<group>"; };
		846ECA072A83A4B9000DF1CE /* Article.swift */ = {isa = PBXFileReference; lastKnownFileType = sourcecode.swift; path = Article.swift; sourceTree = "<group>"; };
		846ECA0C2A83C867000DF1CE /* ArticleRowView.swift */ = {isa = PBXFileReference; lastKnownFileType = sourcecode.swift; path = ArticleRowView.swift; sourceTree = "<group>"; };
		846ECA0F2A83CB77000DF1CE /* Info.plist */ = {isa = PBXFileReference; lastKnownFileType = text.plist; path = Info.plist; sourceTree = "<group>"; };
		846ECA102A83CE1B000DF1CE /* ArticleListView.swift */ = {isa = PBXFileReference; lastKnownFileType = sourcecode.swift; path = ArticleListView.swift; sourceTree = "<group>"; };
		846ECA122A83EB71000DF1CE /* SafariView.swift */ = {isa = PBXFileReference; lastKnownFileType = sourcecode.swift; path = SafariView.swift; sourceTree = "<group>"; };
		846ECA152A8406E9000DF1CE /* View + Ext.swift */ = {isa = PBXFileReference; lastKnownFileType = sourcecode.swift; path = "View + Ext.swift"; sourceTree = "<group>"; };
		846ECA172A840857000DF1CE /* Category.swift */ = {isa = PBXFileReference; lastKnownFileType = sourcecode.swift; path = Category.swift; sourceTree = "<group>"; };
		846ECA1A2A8408CD000DF1CE /* NewsAPI.swift */ = {isa = PBXFileReference; lastKnownFileType = sourcecode.swift; path = NewsAPI.swift; sourceTree = "<group>"; };
		846ECA1D2A840DAE000DF1CE /* ArticlesViewModel.swift */ = {isa = PBXFileReference; lastKnownFileType = sourcecode.swift; path = ArticlesViewModel.swift; sourceTree = "<group>"; };
		846ECA1F2A843D43000DF1CE /* NewsTabView.swift */ = {isa = PBXFileReference; lastKnownFileType = sourcecode.swift; path = NewsTabView.swift; sourceTree = "<group>"; };
		846ECA212A84425F000DF1CE /* EmptyPlaceholderView.swift */ = {isa = PBXFileReference; lastKnownFileType = sourcecode.swift; path = EmptyPlaceholderView.swift; sourceTree = "<group>"; };
		846ECA232A844367000DF1CE /* RetryView.swift */ = {isa = PBXFileReference; lastKnownFileType = sourcecode.swift; path = RetryView.swift; sourceTree = "<group>"; };
		846ECA252A85370C000DF1CE /* ArticleBookmarkViewModel.swift */ = {isa = PBXFileReference; lastKnownFileType = sourcecode.swift; path = ArticleBookmarkViewModel.swift; sourceTree = "<group>"; };
		84F0D2CB2A8E14A0008276B8 /* ArticleDetailView.swift */ = {isa = PBXFileReference; lastKnownFileType = sourcecode.swift; path = ArticleDetailView.swift; sourceTree = "<group>"; };
		84F0D2CF2A8E3628008276B8 /* WatchConnectivityViewModel.swift */ = {isa = PBXFileReference; lastKnownFileType = sourcecode.swift; path = WatchConnectivityViewModel.swift; sourceTree = "<group>"; };
/* End PBXFileReference section */

/* Begin PBXFrameworksBuildPhase section */
		842D60722A92349D006AD3EB /* Frameworks */ = {
			isa = PBXFrameworksBuildPhase;
			buildActionMask = 2147483647;
			files = (
			);
			runOnlyForDeploymentPostprocessing = 0;
		};
		844D22502A8A821400638249 /* Frameworks */ = {
			isa = PBXFrameworksBuildPhase;
			buildActionMask = 2147483647;
			files = (
			);
			runOnlyForDeploymentPostprocessing = 0;
		};
		844D22882A8C168000638249 /* Frameworks */ = {
			isa = PBXFrameworksBuildPhase;
			buildActionMask = 2147483647;
			files = (
			);
			runOnlyForDeploymentPostprocessing = 0;
		};
		846EC9F12A83A337000DF1CE /* Frameworks */ = {
			isa = PBXFrameworksBuildPhase;
			buildActionMask = 2147483647;
			files = (
			);
			runOnlyForDeploymentPostprocessing = 0;
		};
/* End PBXFrameworksBuildPhase section */

/* Begin PBXGroup section */
		842D60762A92349D006AD3EB /* NewsTV */ = {
			isa = PBXGroup;
			children = (
				842D60772A92349D006AD3EB /* NewsTVApp.swift */,
				842D60A82A928335006AD3EB /* ArticleCategoriesViewModel.swift */,
				842D60942A9239D9006AD3EB /* Views */,
				842D607B2A92349F006AD3EB /* Assets.xcassets */,
				842D607D2A92349F006AD3EB /* Preview Content */,
			);
			path = NewsTV;
			sourceTree = "<group>";
		};
		842D607D2A92349F006AD3EB /* Preview Content */ = {
			isa = PBXGroup;
			children = (
				842D607E2A92349F006AD3EB /* Preview Assets.xcassets */,
			);
			path = "Preview Content";
			sourceTree = "<group>";
		};
		842D60942A9239D9006AD3EB /* Views */ = {
			isa = PBXGroup;
			children = (
				842D60792A92349D006AD3EB /* ContentView.swift */,
				842D60952A9239EC006AD3EB /* ArticleItemView.swift */,
				842D609E2A9244F8006AD3EB /* ArticleCarouselView.swift */,
				842D60AE2A92B338006AD3EB /* ArticleDetailView.swift */,
				842D60AA2A92AF00006AD3EB /* NewsView.swift */,
			);
			path = Views;
			sourceTree = "<group>";
		};
		844D22452A88FE3300638249 /* Components */ = {
			isa = PBXGroup;
			children = (
				844D22472A895A3000638249 /* TabContentView.swift */,
				846ECA212A84425F000DF1CE /* EmptyPlaceholderView.swift */,
				846ECA232A844367000DF1CE /* RetryView.swift */,
			);
			path = Components;
			sourceTree = "<group>";
		};
		844D22462A88FE8200638249 /* Articles */ = {
			isa = PBXGroup;
			children = (
				846ECA1F2A843D43000DF1CE /* NewsTabView.swift */,
				846ECA0C2A83C867000DF1CE /* ArticleRowView.swift */,
				846ECA102A83CE1B000DF1CE /* ArticleListView.swift */,
			);
			path = Articles;
			sourceTree = "<group>";
		};
		844D22542A8A821400638249 /* NewsMMMac */ = {
			isa = PBXGroup;
			children = (
				844D22622A8A82C600638249 /* Info.plist */,
				844D22552A8A821400638249 /* NewsMMMacApp.swift */,
				844D22572A8A821400638249 /* ContentView.swift */,
				844D227D2A8BB9AE00638249 /* FocusedValues+RefreshAction.swift */,
				844D227F2A8BBB3E00638249 /* NewsCommands.swift */,
				844D22722A8A8CFE00638249 /* Views */,
				844D22592A8A821600638249 /* Assets.xcassets */,
				844D225E2A8A821600638249 /* NewsMMMac.entitlements */,
				844D225B2A8A821600638249 /* Preview Content */,
			);
			path = NewsMMMac;
			sourceTree = "<group>";
		};
		844D225B2A8A821600638249 /* Preview Content */ = {
			isa = PBXGroup;
			children = (
				844D225C2A8A821600638249 /* Preview Assets.xcassets */,
			);
			path = "Preview Content";
			sourceTree = "<group>";
		};
		844D22632A8A830200638249 /* NewsShared */ = {
			isa = PBXGroup;
			children = (
				844D22752A8B800B00638249 /* Views */,
				844D223B2A86E1FC00638249 /* BookmarkTabView.swift */,
				844D22412A88045100638249 /* SearchTabView.swift */,
				846ECA052A83A495000DF1CE /* news.json */,
				844D22682A8A833400638249 /* Models */,
				844D22672A8A832B00638249 /* ViewModels */,
				844D22662A8A832600638249 /* API */,
				846ECA142A8406D9000DF1CE /* Extensions */,
			);
			path = NewsShared;
			sourceTree = "<group>";
		};
		844D22662A8A832600638249 /* API */ = {
			isa = PBXGroup;
			children = (
				846ECA1A2A8408CD000DF1CE /* NewsAPI.swift */,
			);
			path = API;
			sourceTree = "<group>";
		};
		844D22672A8A832B00638249 /* ViewModels */ = {
			isa = PBXGroup;
			children = (
				846ECA1D2A840DAE000DF1CE /* ArticlesViewModel.swift */,
				846ECA252A85370C000DF1CE /* ArticleBookmarkViewModel.swift */,
				844D223F2A8802F400638249 /* ArticleSearchViewModel.swift */,
				84F0D2CF2A8E3628008276B8 /* WatchConnectivityViewModel.swift */,
			);
			path = ViewModels;
			sourceTree = "<group>";
		};
		844D22682A8A833400638249 /* Models */ = {
			isa = PBXGroup;
			children = (
				846ECA072A83A4B9000DF1CE /* Article.swift */,
				846ECA172A840857000DF1CE /* Category.swift */,
				844D223D2A86E2EE00638249 /* DataStore.swift */,
				844D224B2A89C83100638249 /* MenuItem.swift */,
				844D224D2A8A4BFA00638249 /* TabMenuItem.swift */,
				842D608F2A923830006AD3EB /* DataFetchPhase.swift */,
				842D60A32A927BB4006AD3EB /* CategoryArticles.swift */,
			);
			path = Models;
			sourceTree = "<group>";
		};
		844D22722A8A8CFE00638249 /* Views */ = {
			isa = PBXGroup;
			children = (
				844D22732A8A8D1000638249 /* SidebarListView.swift */,
				844D22812A8BBDB500638249 /* SettingsView.swift */,
			);
			path = Views;
			sourceTree = "<group>";
		};
		844D22752A8B800B00638249 /* Views */ = {
			isa = PBXGroup;
			children = (
				844D22452A88FE3300638249 /* Components */,
				844D22462A88FE8200638249 /* Articles */,
			);
			path = Views;
			sourceTree = "<group>";
		};
		844D228F2A8C168000638249 /* NewsWatch Watch App */ = {
			isa = PBXGroup;
			children = (
				844D22902A8C168000638249 /* NewsWatchApp.swift */,
				84F0D2CA2A8E148D008276B8 /* Views */,
				844D22922A8C168000638249 /* ContentView.swift */,
				844D22942A8C168200638249 /* Assets.xcassets */,
				844D22962A8C168200638249 /* Preview Content */,
			);
			path = "NewsWatch Watch App";
			sourceTree = "<group>";
		};
		844D22962A8C168200638249 /* Preview Content */ = {
			isa = PBXGroup;
			children = (
				844D22972A8C168200638249 /* Preview Assets.xcassets */,
			);
			path = "Preview Content";
			sourceTree = "<group>";
		};
		846EC9EB2A83A337000DF1CE = {
			isa = PBXGroup;
			children = (
				844D22632A8A830200638249 /* NewsShared */,
				846EC9F62A83A337000DF1CE /* NewsMultiplatform */,
				844D22542A8A821400638249 /* NewsMMMac */,
				844D228F2A8C168000638249 /* NewsWatch Watch App */,
				842D60762A92349D006AD3EB /* NewsTV */,
				846EC9F52A83A337000DF1CE /* Products */,
			);
			sourceTree = "<group>";
		};
		846EC9F52A83A337000DF1CE /* Products */ = {
			isa = PBXGroup;
			children = (
				846EC9F42A83A337000DF1CE /* NewsMultiplatform.app */,
				844D22532A8A821400638249 /* NewsMMMac.app */,
				844D22862A8C168000638249 /* NewsWatch.app */,
				844D228B2A8C168000638249 /* NewsWatch Watch App.app */,
				842D60752A92349D006AD3EB /* NewsTV.app */,
			);
			name = Products;
			sourceTree = "<group>";
		};
		846EC9F62A83A337000DF1CE /* NewsMultiplatform */ = {
			isa = PBXGroup;
			children = (
				846ECA0F2A83CB77000DF1CE /* Info.plist */,
				846EC9F72A83A337000DF1CE /* NewsMultiplatformApp.swift */,
				846EC9F92A83A337000DF1CE /* ContentView.swift */,
				846ECA0E2A83C9ED000DF1CE /* Views */,
				846EC9FB2A83A339000DF1CE /* Assets.xcassets */,
				846EC9FD2A83A339000DF1CE /* Preview Content */,
			);
			path = NewsMultiplatform;
			sourceTree = "<group>";
		};
		846EC9FD2A83A339000DF1CE /* Preview Content */ = {
			isa = PBXGroup;
			children = (
				846EC9FE2A83A339000DF1CE /* Preview Assets.xcassets */,
			);
			path = "Preview Content";
			sourceTree = "<group>";
		};
		846ECA0E2A83C9ED000DF1CE /* Views */ = {
			isa = PBXGroup;
			children = (
				844D22432A88ECC600638249 /* SearchHistoryListView.swift */,
				844D22492A895A9800638249 /* SidebarContentView.swift */,
				846ECA122A83EB71000DF1CE /* SafariView.swift */,
			);
			path = Views;
			sourceTree = "<group>";
		};
		846ECA142A8406D9000DF1CE /* Extensions */ = {
			isa = PBXGroup;
			children = (
				846ECA152A8406E9000DF1CE /* View + Ext.swift */,
			);
			path = Extensions;
			sourceTree = "<group>";
		};
		84F0D2CA2A8E148D008276B8 /* Views */ = {
			isa = PBXGroup;
			children = (
				84F0D2CB2A8E14A0008276B8 /* ArticleDetailView.swift */,
			);
			path = Views;
			sourceTree = "<group>";
		};
/* End PBXGroup section */

/* Begin PBXNativeTarget section */
		842D60742A92349D006AD3EB /* NewsTV */ = {
			isa = PBXNativeTarget;
			buildConfigurationList = 842D60822A92349F006AD3EB /* Build configuration list for PBXNativeTarget "NewsTV" */;
			buildPhases = (
				842D60712A92349D006AD3EB /* Sources */,
				842D60722A92349D006AD3EB /* Frameworks */,
				842D60732A92349D006AD3EB /* Resources */,
			);
			buildRules = (
			);
			dependencies = (
			);
			name = NewsTV;
			productName = NewsTV;
			productReference = 842D60752A92349D006AD3EB /* NewsTV.app */;
			productType = "com.apple.product-type.application";
		};
		844D22522A8A821400638249 /* NewsMMMac */ = {
			isa = PBXNativeTarget;
			buildConfigurationList = 844D225F2A8A821600638249 /* Build configuration list for PBXNativeTarget "NewsMMMac" */;
			buildPhases = (
				844D224F2A8A821400638249 /* Sources */,
				844D22502A8A821400638249 /* Frameworks */,
				844D22512A8A821400638249 /* Resources */,
			);
			buildRules = (
			);
			dependencies = (
			);
			name = NewsMMMac;
			productName = NewsMMMac;
			productReference = 844D22532A8A821400638249 /* NewsMMMac.app */;
			productType = "com.apple.product-type.application";
		};
		844D22852A8C168000638249 /* NewsWatch */ = {
			isa = PBXNativeTarget;
			buildConfigurationList = 844D229D2A8C168200638249 /* Build configuration list for PBXNativeTarget "NewsWatch" */;
			buildPhases = (
				844D22842A8C168000638249 /* Resources */,
				844D229C2A8C168200638249 /* Embed Watch Content */,
			);
			buildRules = (
			);
			dependencies = (
				844D228E2A8C168000638249 /* PBXTargetDependency */,
			);
			name = NewsWatch;
			productName = NewsWatch;
			productReference = 844D22862A8C168000638249 /* NewsWatch.app */;
			productType = "com.apple.product-type.application.watchapp2-container";
		};
		844D228A2A8C168000638249 /* NewsWatch Watch App */ = {
			isa = PBXNativeTarget;
			buildConfigurationList = 844D22992A8C168200638249 /* Build configuration list for PBXNativeTarget "NewsWatch Watch App" */;
			buildPhases = (
				844D22872A8C168000638249 /* Sources */,
				844D22882A8C168000638249 /* Frameworks */,
				844D22892A8C168000638249 /* Resources */,
			);
			buildRules = (
			);
			dependencies = (
			);
			name = "NewsWatch Watch App";
			productName = "NewsWatch Watch App";
			productReference = 844D228B2A8C168000638249 /* NewsWatch Watch App.app */;
			productType = "com.apple.product-type.application";
		};
		846EC9F32A83A337000DF1CE /* NewsMultiplatform */ = {
			isa = PBXNativeTarget;
			buildConfigurationList = 846ECA022A83A339000DF1CE /* Build configuration list for PBXNativeTarget "NewsMultiplatform" */;
			buildPhases = (
				846EC9F02A83A337000DF1CE /* Sources */,
				846EC9F12A83A337000DF1CE /* Frameworks */,
				846EC9F22A83A337000DF1CE /* Resources */,
			);
			buildRules = (
			);
			dependencies = (
			);
			name = NewsMultiplatform;
			productName = NewsMultiplatform;
			productReference = 846EC9F42A83A337000DF1CE /* NewsMultiplatform.app */;
			productType = "com.apple.product-type.application";
		};
/* End PBXNativeTarget section */

/* Begin PBXProject section */
		846EC9EC2A83A337000DF1CE /* Project object */ = {
			isa = PBXProject;
			attributes = {
				BuildIndependentTargetsInParallel = 1;
				LastSwiftUpdateCheck = 1430;
				LastUpgradeCheck = 1430;
				TargetAttributes = {
					842D60742A92349D006AD3EB = {
						CreatedOnToolsVersion = 14.3.1;
					};
					844D22522A8A821400638249 = {
						CreatedOnToolsVersion = 14.3.1;
					};
					844D22852A8C168000638249 = {
						CreatedOnToolsVersion = 14.3.1;
					};
					844D228A2A8C168000638249 = {
						CreatedOnToolsVersion = 14.3.1;
					};
					846EC9F32A83A337000DF1CE = {
						CreatedOnToolsVersion = 14.3.1;
					};
				};
			};
			buildConfigurationList = 846EC9EF2A83A337000DF1CE /* Build configuration list for PBXProject "NewsMultiplatform" */;
			compatibilityVersion = "Xcode 14.0";
			developmentRegion = en;
			hasScannedForEncodings = 0;
			knownRegions = (
				en,
				Base,
			);
			mainGroup = 846EC9EB2A83A337000DF1CE;
			productRefGroup = 846EC9F52A83A337000DF1CE /* Products */;
			projectDirPath = "";
			projectRoot = "";
			targets = (
				846EC9F32A83A337000DF1CE /* NewsMultiplatform */,
				844D22522A8A821400638249 /* NewsMMMac */,
				844D22852A8C168000638249 /* NewsWatch */,
				844D228A2A8C168000638249 /* NewsWatch Watch App */,
				842D60742A92349D006AD3EB /* NewsTV */,
			);
		};
/* End PBXProject section */

/* Begin PBXResourcesBuildPhase section */
		842D60732A92349D006AD3EB /* Resources */ = {
			isa = PBXResourcesBuildPhase;
			buildActionMask = 2147483647;
			files = (
				842D608A2A92379D006AD3EB /* news.json in Resources */,
				842D607F2A92349F006AD3EB /* Preview Assets.xcassets in Resources */,
				842D607C2A92349F006AD3EB /* Assets.xcassets in Resources */,
			);
			runOnlyForDeploymentPostprocessing = 0;
		};
		844D22512A8A821400638249 /* Resources */ = {
			isa = PBXResourcesBuildPhase;
			buildActionMask = 2147483647;
			files = (
				844D22692A8A83C200638249 /* news.json in Resources */,
				844D225D2A8A821600638249 /* Preview Assets.xcassets in Resources */,
				844D225A2A8A821600638249 /* Assets.xcassets in Resources */,
			);
			runOnlyForDeploymentPostprocessing = 0;
		};
		844D22842A8C168000638249 /* Resources */ = {
			isa = PBXResourcesBuildPhase;
			buildActionMask = 2147483647;
			files = (
			);
			runOnlyForDeploymentPostprocessing = 0;
		};
		844D22892A8C168000638249 /* Resources */ = {
			isa = PBXResourcesBuildPhase;
			buildActionMask = 2147483647;
			files = (
				844D22A22A8C170E00638249 /* news.json in Resources */,
				844D22982A8C168200638249 /* Preview Assets.xcassets in Resources */,
				844D22952A8C168200638249 /* Assets.xcassets in Resources */,
			);
			runOnlyForDeploymentPostprocessing = 0;
		};
		846EC9F22A83A337000DF1CE /* Resources */ = {
			isa = PBXResourcesBuildPhase;
			buildActionMask = 2147483647;
			files = (
				846EC9FF2A83A339000DF1CE /* Preview Assets.xcassets in Resources */,
				846ECA062A83A495000DF1CE /* news.json in Resources */,
				846EC9FC2A83A339000DF1CE /* Assets.xcassets in Resources */,
			);
			runOnlyForDeploymentPostprocessing = 0;
		};
/* End PBXResourcesBuildPhase section */

/* Begin PBXSourcesBuildPhase section */
		842D60712A92349D006AD3EB /* Sources */ = {
			isa = PBXSourcesBuildPhase;
			buildActionMask = 2147483647;
			files = (
				842D60932A923830006AD3EB /* DataFetchPhase.swift in Sources */,
				842D608C2A92379D006AD3EB /* NewsAPI.swift in Sources */,
				842D60B02A92B57C006AD3EB /* BookmarkTabView.swift in Sources */,
				842D60AC2A92B041006AD3EB /* EmptyPlaceholderView.swift in Sources */,
				842D60AF2A92B338006AD3EB /* ArticleDetailView.swift in Sources */,
				842D60AD2A92B062006AD3EB /* RetryView.swift in Sources */,
				842D60842A9236A1006AD3EB /* TabContentView.swift in Sources */,
				842D60AB2A92AF00006AD3EB /* NewsView.swift in Sources */,
				842D60992A9239EC006AD3EB /* ArticleItemView.swift in Sources */,
				842D60832A92359E006AD3EB /* TabMenuItem.swift in Sources */,
				842D60B12A92B57C006AD3EB /* ArticleListView.swift in Sources */,
				842D609B2A923B75006AD3EB /* ArticleSearchViewModel.swift in Sources */,
				842D60A72A927BB4006AD3EB /* CategoryArticles.swift in Sources */,
				842D60A92A928335006AD3EB /* ArticleCategoriesViewModel.swift in Sources */,
				842D60B22A92BB02006AD3EB /* SearchTabView.swift in Sources */,
				842D60862A92379D006AD3EB /* Article.swift in Sources */,
				842D609C2A923BAC006AD3EB /* MenuItem.swift in Sources */,
				842D608B2A92379D006AD3EB /* DataStore.swift in Sources */,
				842D607A2A92349D006AD3EB /* ContentView.swift in Sources */,
				842D60852A92379D006AD3EB /* View + Ext.swift in Sources */,
				842D60782A92349D006AD3EB /* NewsTVApp.swift in Sources */,
				842D60872A92379D006AD3EB /* Category.swift in Sources */,
				842D60A22A9244F8006AD3EB /* ArticleCarouselView.swift in Sources */,
				842D60882A92379D006AD3EB /* ArticleBookmarkViewModel.swift in Sources */,
			);
			runOnlyForDeploymentPostprocessing = 0;
		};
		844D224F2A8A821400638249 /* Sources */ = {
			isa = PBXSourcesBuildPhase;
			buildActionMask = 2147483647;
			files = (
				844D22822A8BBDB500638249 /* SettingsView.swift in Sources */,
				844D22582A8A821400638249 /* ContentView.swift in Sources */,
				842D608E2A9237A5006AD3EB /* WatchConnectivityViewModel.swift in Sources */,
				844D226C2A8A83C200638249 /* Category.swift in Sources */,
				844D226E2A8A83C200638249 /* ArticleBookmarkViewModel.swift in Sources */,
				844D22792A8B805700638249 /* RetryView.swift in Sources */,
				844D22762A8B805700638249 /* NewsTabView.swift in Sources */,
				844D22782A8B805700638249 /* EmptyPlaceholderView.swift in Sources */,
				844D226B2A8A83C200638249 /* MenuItem.swift in Sources */,
				844D22832A8BC36900638249 /* SearchTabView.swift in Sources */,
				844D22742A8A8D1000638249 /* SidebarListView.swift in Sources */,
				844D22802A8BBB3E00638249 /* NewsCommands.swift in Sources */,
				844D227E2A8BB9AE00638249 /* FocusedValues+RefreshAction.swift in Sources */,
				844D22562A8A821400638249 /* NewsMMMacApp.swift in Sources */,
				844D226F2A8A83C200638249 /* ArticleSearchViewModel.swift in Sources */,
				844D227B2A8B83E400638249 /* View + Ext.swift in Sources */,
				842D60A02A9244F8006AD3EB /* ArticleCarouselView.swift in Sources */,
				842D60972A9239EC006AD3EB /* ArticleItemView.swift in Sources */,
				842D60A52A927BB4006AD3EB /* CategoryArticles.swift in Sources */,
				844D226A2A8A83C200638249 /* Article.swift in Sources */,
				844D227A2A8B805700638249 /* ArticleListView.swift in Sources */,
				844D22712A8A83C200638249 /* NewsAPI.swift in Sources */,
				842D608D2A9237A5006AD3EB /* TabMenuItem.swift in Sources */,
				842D60912A923830006AD3EB /* DataFetchPhase.swift in Sources */,
				844D227C2A8B950F00638249 /* BookmarkTabView.swift in Sources */,
				844D22772A8B805700638249 /* ArticleRowView.swift in Sources */,
				844D22702A8A83C200638249 /* DataStore.swift in Sources */,
				844D226D2A8A83C200638249 /* ArticlesViewModel.swift in Sources */,
			);
			runOnlyForDeploymentPostprocessing = 0;
		};
		844D22872A8C168000638249 /* Sources */ = {
			isa = PBXSourcesBuildPhase;
			buildActionMask = 2147483647;
			files = (
				842D609A2A923B1E006AD3EB /* WatchConnectivityViewModel.swift in Sources */,
				844D22932A8C168000638249 /* ContentView.swift in Sources */,
				844D22A12A8C170E00638249 /* MenuItem.swift in Sources */,
				84F0D2C92A8D5062008276B8 /* View + Ext.swift in Sources */,
				84F0D2C52A8D4FBA008276B8 /* EmptyPlaceholderView.swift in Sources */,
				84F0D2CE2A8E1DDA008276B8 /* SearchTabView.swift in Sources */,
				842D60A12A9244F8006AD3EB /* ArticleCarouselView.swift in Sources */,
				84F0D2C82A8D4FBA008276B8 /* NewsTabView.swift in Sources */,
				842D60982A9239EC006AD3EB /* ArticleItemView.swift in Sources */,
				84F0D2C72A8D4FBA008276B8 /* RetryView.swift in Sources */,
				844D22A02A8C170E00638249 /* DataStore.swift in Sources */,
				844D22A82A8C170E00638249 /* ArticleBookmarkViewModel.swift in Sources */,
				84F0D2C62A8D4FBA008276B8 /* ArticleListView.swift in Sources */,
				844D22912A8C168000638249 /* NewsWatchApp.swift in Sources */,
				842D60A62A927BB4006AD3EB /* CategoryArticles.swift in Sources */,
				84F0D2CC2A8E14A0008276B8 /* ArticleDetailView.swift in Sources */,
				844D22A32A8C170E00638249 /* Article.swift in Sources */,
				84F0D2C42A8D4FBA008276B8 /* ArticleRowView.swift in Sources */,
				842D60922A923830006AD3EB /* DataFetchPhase.swift in Sources */,
				844D22A72A8C170E00638249 /* ArticlesViewModel.swift in Sources */,
				84F0D2CD2A8E1836008276B8 /* BookmarkTabView.swift in Sources */,
				844D22A62A8C170E00638249 /* ArticleSearchViewModel.swift in Sources */,
				844D22A42A8C170E00638249 /* NewsAPI.swift in Sources */,
				844D22A52A8C170E00638249 /* Category.swift in Sources */,
			);
			runOnlyForDeploymentPostprocessing = 0;
		};
		846EC9F02A83A337000DF1CE /* Sources */ = {
			isa = PBXSourcesBuildPhase;
			buildActionMask = 2147483647;
			files = (
				846EC9FA2A83A337000DF1CE /* ContentView.swift in Sources */,
				844D223E2A86E2EE00638249 /* DataStore.swift in Sources */,
				846ECA1E2A840DAE000DF1CE /* ArticlesViewModel.swift in Sources */,
				846ECA222A84425F000DF1CE /* EmptyPlaceholderView.swift in Sources */,
				846ECA112A83CE1B000DF1CE /* ArticleListView.swift in Sources */,
				844D22442A88ECC600638249 /* SearchHistoryListView.swift in Sources */,
				84F0D2D02A8E3628008276B8 /* WatchConnectivityViewModel.swift in Sources */,
				846ECA242A844367000DF1CE /* RetryView.swift in Sources */,
				846ECA1B2A8408CD000DF1CE /* NewsAPI.swift in Sources */,
				846ECA0D2A83C867000DF1CE /* ArticleRowView.swift in Sources */,
				844D224A2A895A9800638249 /* SidebarContentView.swift in Sources */,
				844D22422A88045100638249 /* SearchTabView.swift in Sources */,
				844D22402A8802F400638249 /* ArticleSearchViewModel.swift in Sources */,
				846EC9F82A83A337000DF1CE /* NewsMultiplatformApp.swift in Sources */,
				844D22482A895A3000638249 /* TabContentView.swift in Sources */,
				846ECA162A8406E9000DF1CE /* View + Ext.swift in Sources */,
				842D609F2A9244F8006AD3EB /* ArticleCarouselView.swift in Sources */,
				842D60962A9239EC006AD3EB /* ArticleItemView.swift in Sources */,
				842D60A42A927BB4006AD3EB /* CategoryArticles.swift in Sources */,
				846ECA262A85370C000DF1CE /* ArticleBookmarkViewModel.swift in Sources */,
				846ECA202A843D43000DF1CE /* NewsTabView.swift in Sources */,
				846ECA132A83EB71000DF1CE /* SafariView.swift in Sources */,
				844D224E2A8A4BFA00638249 /* TabMenuItem.swift in Sources */,
				842D60902A923830006AD3EB /* DataFetchPhase.swift in Sources */,
				846ECA082A83A4B9000DF1CE /* Article.swift in Sources */,
				844D224C2A89C83100638249 /* MenuItem.swift in Sources */,
				846ECA182A840857000DF1CE /* Category.swift in Sources */,
				844D223C2A86E1FC00638249 /* BookmarkTabView.swift in Sources */,
			);
			runOnlyForDeploymentPostprocessing = 0;
		};
/* End PBXSourcesBuildPhase section */

/* Begin PBXTargetDependency section */
		844D228E2A8C168000638249 /* PBXTargetDependency */ = {
			isa = PBXTargetDependency;
			target = 844D228A2A8C168000638249 /* NewsWatch Watch App */;
			targetProxy = 844D228D2A8C168000638249 /* PBXContainerItemProxy */;
		};
/* End PBXTargetDependency section */

/* Begin XCBuildConfiguration section */
		842D60802A92349F006AD3EB /* Debug */ = {
			isa = XCBuildConfiguration;
			buildSettings = {
				ASSETCATALOG_COMPILER_APPICON_NAME = "App Icon & Top Shelf Image";
				ASSETCATALOG_COMPILER_GLOBAL_ACCENT_COLOR_NAME = AccentColor;
				CODE_SIGN_STYLE = Automatic;
				CURRENT_PROJECT_VERSION = 1;
				DEVELOPMENT_ASSET_PATHS = "\"NewsTV/Preview Content\"";
				DEVELOPMENT_TEAM = 45BPS947ZY;
				ENABLE_PREVIEWS = YES;
				GENERATE_INFOPLIST_FILE = YES;
				INFOPLIST_KEY_UILaunchScreen_Generation = YES;
				INFOPLIST_KEY_UIUserInterfaceStyle = Automatic;
				LD_RUNPATH_SEARCH_PATHS = (
					"$(inherited)",
					"@executable_path/Frameworks",
				);
				MARKETING_VERSION = 1.0;
				PRODUCT_BUNDLE_IDENTIFIER = com.iosdream.NewsTV;
				PRODUCT_NAME = "$(TARGET_NAME)";
				SDKROOT = appletvos;
				SWIFT_EMIT_LOC_STRINGS = YES;
				SWIFT_VERSION = 5.0;
				TARGETED_DEVICE_FAMILY = 3;
				TVOS_DEPLOYMENT_TARGET = 16.4;
			};
			name = Debug;
		};
		842D60812A92349F006AD3EB /* Release */ = {
			isa = XCBuildConfiguration;
			buildSettings = {
				ASSETCATALOG_COMPILER_APPICON_NAME = "App Icon & Top Shelf Image";
				ASSETCATALOG_COMPILER_GLOBAL_ACCENT_COLOR_NAME = AccentColor;
				CODE_SIGN_STYLE = Automatic;
				CURRENT_PROJECT_VERSION = 1;
				DEVELOPMENT_ASSET_PATHS = "\"NewsTV/Preview Content\"";
				DEVELOPMENT_TEAM = 45BPS947ZY;
				ENABLE_PREVIEWS = YES;
				GENERATE_INFOPLIST_FILE = YES;
				INFOPLIST_KEY_UILaunchScreen_Generation = YES;
				INFOPLIST_KEY_UIUserInterfaceStyle = Automatic;
				LD_RUNPATH_SEARCH_PATHS = (
					"$(inherited)",
					"@executable_path/Frameworks",
				);
				MARKETING_VERSION = 1.0;
				PRODUCT_BUNDLE_IDENTIFIER = com.iosdream.NewsTV;
				PRODUCT_NAME = "$(TARGET_NAME)";
				SDKROOT = appletvos;
				SWIFT_EMIT_LOC_STRINGS = YES;
				SWIFT_VERSION = 5.0;
				TARGETED_DEVICE_FAMILY = 3;
				TVOS_DEPLOYMENT_TARGET = 16.4;
			};
			name = Release;
		};
		844D22602A8A821600638249 /* Debug */ = {
			isa = XCBuildConfiguration;
			buildSettings = {
				ASSETCATALOG_COMPILER_APPICON_NAME = AppIcon;
				ASSETCATALOG_COMPILER_GLOBAL_ACCENT_COLOR_NAME = AccentColor;
				CODE_SIGN_ENTITLEMENTS = NewsMMMac/NewsMMMac.entitlements;
				CODE_SIGN_STYLE = Automatic;
				COMBINE_HIDPI_IMAGES = YES;
				CURRENT_PROJECT_VERSION = 1;
				DEVELOPMENT_ASSET_PATHS = "\"NewsMMMac/Preview Content\"";
				DEVELOPMENT_TEAM = 45BPS947ZY;
				ENABLE_HARDENED_RUNTIME = YES;
				ENABLE_PREVIEWS = YES;
				GENERATE_INFOPLIST_FILE = YES;
				INFOPLIST_FILE = NewsMMMac/Info.plist;
				INFOPLIST_KEY_NSHumanReadableCopyright = "";
				LD_RUNPATH_SEARCH_PATHS = (
					"$(inherited)",
					"@executable_path/../Frameworks",
				);
				MACOSX_DEPLOYMENT_TARGET = 13.3;
				MARKETING_VERSION = 1.0;
				PRODUCT_BUNDLE_IDENTIFIER = com.iosdream.NewsMMMac;
				PRODUCT_NAME = "$(TARGET_NAME)";
				SDKROOT = macosx;
				SWIFT_EMIT_LOC_STRINGS = YES;
				SWIFT_VERSION = 5.0;
			};
			name = Debug;
		};
		844D22612A8A821600638249 /* Release */ = {
			isa = XCBuildConfiguration;
			buildSettings = {
				ASSETCATALOG_COMPILER_APPICON_NAME = AppIcon;
				ASSETCATALOG_COMPILER_GLOBAL_ACCENT_COLOR_NAME = AccentColor;
				CODE_SIGN_ENTITLEMENTS = NewsMMMac/NewsMMMac.entitlements;
				CODE_SIGN_STYLE = Automatic;
				COMBINE_HIDPI_IMAGES = YES;
				CURRENT_PROJECT_VERSION = 1;
				DEVELOPMENT_ASSET_PATHS = "\"NewsMMMac/Preview Content\"";
				DEVELOPMENT_TEAM = 45BPS947ZY;
				ENABLE_HARDENED_RUNTIME = YES;
				ENABLE_PREVIEWS = YES;
				GENERATE_INFOPLIST_FILE = YES;
				INFOPLIST_FILE = NewsMMMac/Info.plist;
				INFOPLIST_KEY_NSHumanReadableCopyright = "";
				LD_RUNPATH_SEARCH_PATHS = (
					"$(inherited)",
					"@executable_path/../Frameworks",
				);
				MACOSX_DEPLOYMENT_TARGET = 13.3;
				MARKETING_VERSION = 1.0;
				PRODUCT_BUNDLE_IDENTIFIER = com.iosdream.NewsMMMac;
				PRODUCT_NAME = "$(TARGET_NAME)";
				SDKROOT = macosx;
				SWIFT_EMIT_LOC_STRINGS = YES;
				SWIFT_VERSION = 5.0;
			};
			name = Release;
		};
		844D229A2A8C168200638249 /* Debug */ = {
			isa = XCBuildConfiguration;
			buildSettings = {
				ASSETCATALOG_COMPILER_APPICON_NAME = AppIcon;
				ASSETCATALOG_COMPILER_GLOBAL_ACCENT_COLOR_NAME = AccentColor;
				CODE_SIGN_STYLE = Automatic;
				CURRENT_PROJECT_VERSION = 1;
				DEVELOPMENT_ASSET_PATHS = "\"NewsWatch Watch App/Preview Content\"";
				DEVELOPMENT_TEAM = 45BPS947ZY;
				ENABLE_PREVIEWS = YES;
				GENERATE_INFOPLIST_FILE = YES;
				INFOPLIST_KEY_CFBundleDisplayName = NewsWatch;
				INFOPLIST_KEY_UISupportedInterfaceOrientations = "UIInterfaceOrientationPortrait UIInterfaceOrientationPortraitUpsideDown";
				INFOPLIST_KEY_WKWatchOnly = YES;
				LD_RUNPATH_SEARCH_PATHS = (
					"$(inherited)",
					"@executable_path/Frameworks",
				);
				MARKETING_VERSION = 1.0;
				PRODUCT_BUNDLE_IDENTIFIER = com.iosdream.NewsWatch.watchkitapp;
				PRODUCT_NAME = "$(TARGET_NAME)";
				SDKROOT = watchos;
				SKIP_INSTALL = YES;
				SWIFT_EMIT_LOC_STRINGS = YES;
				SWIFT_VERSION = 5.0;
				TARGETED_DEVICE_FAMILY = 4;
				WATCHOS_DEPLOYMENT_TARGET = 9.4;
			};
			name = Debug;
		};
		844D229B2A8C168200638249 /* Release */ = {
			isa = XCBuildConfiguration;
			buildSettings = {
				ASSETCATALOG_COMPILER_APPICON_NAME = AppIcon;
				ASSETCATALOG_COMPILER_GLOBAL_ACCENT_COLOR_NAME = AccentColor;
				CODE_SIGN_STYLE = Automatic;
				CURRENT_PROJECT_VERSION = 1;
				DEVELOPMENT_ASSET_PATHS = "\"NewsWatch Watch App/Preview Content\"";
				DEVELOPMENT_TEAM = 45BPS947ZY;
				ENABLE_PREVIEWS = YES;
				GENERATE_INFOPLIST_FILE = YES;
				INFOPLIST_KEY_CFBundleDisplayName = NewsWatch;
				INFOPLIST_KEY_UISupportedInterfaceOrientations = "UIInterfaceOrientationPortrait UIInterfaceOrientationPortraitUpsideDown";
				INFOPLIST_KEY_WKWatchOnly = YES;
				LD_RUNPATH_SEARCH_PATHS = (
					"$(inherited)",
					"@executable_path/Frameworks",
				);
				MARKETING_VERSION = 1.0;
				PRODUCT_BUNDLE_IDENTIFIER = com.iosdream.NewsWatch.watchkitapp;
				PRODUCT_NAME = "$(TARGET_NAME)";
				SDKROOT = watchos;
				SKIP_INSTALL = YES;
				SWIFT_EMIT_LOC_STRINGS = YES;
				SWIFT_VERSION = 5.0;
				TARGETED_DEVICE_FAMILY = 4;
				WATCHOS_DEPLOYMENT_TARGET = 9.4;
			};
			name = Release;
		};
		844D229E2A8C168200638249 /* Debug */ = {
			isa = XCBuildConfiguration;
			buildSettings = {
				ALWAYS_EMBED_SWIFT_STANDARD_LIBRARIES = YES;
				CODE_SIGN_STYLE = Automatic;
				CURRENT_PROJECT_VERSION = 1;
				DEVELOPMENT_TEAM = 45BPS947ZY;
				INFOPLIST_KEY_CFBundleDisplayName = NewsWatch;
				MARKETING_VERSION = 1.0;
				PRODUCT_BUNDLE_IDENTIFIER = com.iosdream.NewsWatch;
				PRODUCT_NAME = "$(TARGET_NAME)";
				SWIFT_VERSION = 5.0;
			};
			name = Debug;
		};
		844D229F2A8C168200638249 /* Release */ = {
			isa = XCBuildConfiguration;
			buildSettings = {
				ALWAYS_EMBED_SWIFT_STANDARD_LIBRARIES = YES;
				CODE_SIGN_STYLE = Automatic;
				CURRENT_PROJECT_VERSION = 1;
				DEVELOPMENT_TEAM = 45BPS947ZY;
				INFOPLIST_KEY_CFBundleDisplayName = NewsWatch;
				MARKETING_VERSION = 1.0;
				PRODUCT_BUNDLE_IDENTIFIER = com.iosdream.NewsWatch;
				PRODUCT_NAME = "$(TARGET_NAME)";
				SWIFT_VERSION = 5.0;
			};
			name = Release;
		};
		846ECA002A83A339000DF1CE /* Debug */ = {
			isa = XCBuildConfiguration;
			buildSettings = {
				ALWAYS_SEARCH_USER_PATHS = NO;
				CLANG_ANALYZER_NONNULL = YES;
				CLANG_ANALYZER_NUMBER_OBJECT_CONVERSION = YES_AGGRESSIVE;
				CLANG_CXX_LANGUAGE_STANDARD = "gnu++20";
				CLANG_ENABLE_MODULES = YES;
				CLANG_ENABLE_OBJC_ARC = YES;
				CLANG_ENABLE_OBJC_WEAK = YES;
				CLANG_WARN_BLOCK_CAPTURE_AUTORELEASING = YES;
				CLANG_WARN_BOOL_CONVERSION = YES;
				CLANG_WARN_COMMA = YES;
				CLANG_WARN_CONSTANT_CONVERSION = YES;
				CLANG_WARN_DEPRECATED_OBJC_IMPLEMENTATIONS = YES;
				CLANG_WARN_DIRECT_OBJC_ISA_USAGE = YES_ERROR;
				CLANG_WARN_DOCUMENTATION_COMMENTS = YES;
				CLANG_WARN_EMPTY_BODY = YES;
				CLANG_WARN_ENUM_CONVERSION = YES;
				CLANG_WARN_INFINITE_RECURSION = YES;
				CLANG_WARN_INT_CONVERSION = YES;
				CLANG_WARN_NON_LITERAL_NULL_CONVERSION = YES;
				CLANG_WARN_OBJC_IMPLICIT_RETAIN_SELF = YES;
				CLANG_WARN_OBJC_LITERAL_CONVERSION = YES;
				CLANG_WARN_OBJC_ROOT_CLASS = YES_ERROR;
				CLANG_WARN_QUOTED_INCLUDE_IN_FRAMEWORK_HEADER = YES;
				CLANG_WARN_RANGE_LOOP_ANALYSIS = YES;
				CLANG_WARN_STRICT_PROTOTYPES = YES;
				CLANG_WARN_SUSPICIOUS_MOVE = YES;
				CLANG_WARN_UNGUARDED_AVAILABILITY = YES_AGGRESSIVE;
				CLANG_WARN_UNREACHABLE_CODE = YES;
				CLANG_WARN__DUPLICATE_METHOD_MATCH = YES;
				COPY_PHASE_STRIP = NO;
				DEBUG_INFORMATION_FORMAT = dwarf;
				ENABLE_STRICT_OBJC_MSGSEND = YES;
				ENABLE_TESTABILITY = YES;
				GCC_C_LANGUAGE_STANDARD = gnu11;
				GCC_DYNAMIC_NO_PIC = NO;
				GCC_NO_COMMON_BLOCKS = YES;
				GCC_OPTIMIZATION_LEVEL = 0;
				GCC_PREPROCESSOR_DEFINITIONS = (
					"DEBUG=1",
					"$(inherited)",
				);
				GCC_WARN_64_TO_32_BIT_CONVERSION = YES;
				GCC_WARN_ABOUT_RETURN_TYPE = YES_ERROR;
				GCC_WARN_UNDECLARED_SELECTOR = YES;
				GCC_WARN_UNINITIALIZED_AUTOS = YES_AGGRESSIVE;
				GCC_WARN_UNUSED_FUNCTION = YES;
				GCC_WARN_UNUSED_VARIABLE = YES;
				IPHONEOS_DEPLOYMENT_TARGET = 16.0;
				MTL_ENABLE_DEBUG_INFO = INCLUDE_SOURCE;
				MTL_FAST_MATH = YES;
				ONLY_ACTIVE_ARCH = YES;
				SDKROOT = iphoneos;
				SWIFT_ACTIVE_COMPILATION_CONDITIONS = DEBUG;
				SWIFT_OPTIMIZATION_LEVEL = "-Onone";
			};
			name = Debug;
		};
		846ECA012A83A339000DF1CE /* Release */ = {
			isa = XCBuildConfiguration;
			buildSettings = {
				ALWAYS_SEARCH_USER_PATHS = NO;
				CLANG_ANALYZER_NONNULL = YES;
				CLANG_ANALYZER_NUMBER_OBJECT_CONVERSION = YES_AGGRESSIVE;
				CLANG_CXX_LANGUAGE_STANDARD = "gnu++20";
				CLANG_ENABLE_MODULES = YES;
				CLANG_ENABLE_OBJC_ARC = YES;
				CLANG_ENABLE_OBJC_WEAK = YES;
				CLANG_WARN_BLOCK_CAPTURE_AUTORELEASING = YES;
				CLANG_WARN_BOOL_CONVERSION = YES;
				CLANG_WARN_COMMA = YES;
				CLANG_WARN_CONSTANT_CONVERSION = YES;
				CLANG_WARN_DEPRECATED_OBJC_IMPLEMENTATIONS = YES;
				CLANG_WARN_DIRECT_OBJC_ISA_USAGE = YES_ERROR;
				CLANG_WARN_DOCUMENTATION_COMMENTS = YES;
				CLANG_WARN_EMPTY_BODY = YES;
				CLANG_WARN_ENUM_CONVERSION = YES;
				CLANG_WARN_INFINITE_RECURSION = YES;
				CLANG_WARN_INT_CONVERSION = YES;
				CLANG_WARN_NON_LITERAL_NULL_CONVERSION = YES;
				CLANG_WARN_OBJC_IMPLICIT_RETAIN_SELF = YES;
				CLANG_WARN_OBJC_LITERAL_CONVERSION = YES;
				CLANG_WARN_OBJC_ROOT_CLASS = YES_ERROR;
				CLANG_WARN_QUOTED_INCLUDE_IN_FRAMEWORK_HEADER = YES;
				CLANG_WARN_RANGE_LOOP_ANALYSIS = YES;
				CLANG_WARN_STRICT_PROTOTYPES = YES;
				CLANG_WARN_SUSPICIOUS_MOVE = YES;
				CLANG_WARN_UNGUARDED_AVAILABILITY = YES_AGGRESSIVE;
				CLANG_WARN_UNREACHABLE_CODE = YES;
				CLANG_WARN__DUPLICATE_METHOD_MATCH = YES;
				COPY_PHASE_STRIP = NO;
				DEBUG_INFORMATION_FORMAT = "dwarf-with-dsym";
				ENABLE_NS_ASSERTIONS = NO;
				ENABLE_STRICT_OBJC_MSGSEND = YES;
				GCC_C_LANGUAGE_STANDARD = gnu11;
				GCC_NO_COMMON_BLOCKS = YES;
				GCC_WARN_64_TO_32_BIT_CONVERSION = YES;
				GCC_WARN_ABOUT_RETURN_TYPE = YES_ERROR;
				GCC_WARN_UNDECLARED_SELECTOR = YES;
				GCC_WARN_UNINITIALIZED_AUTOS = YES_AGGRESSIVE;
				GCC_WARN_UNUSED_FUNCTION = YES;
				GCC_WARN_UNUSED_VARIABLE = YES;
				IPHONEOS_DEPLOYMENT_TARGET = 16.0;
				MTL_ENABLE_DEBUG_INFO = NO;
				MTL_FAST_MATH = YES;
				SDKROOT = iphoneos;
				SWIFT_COMPILATION_MODE = wholemodule;
				SWIFT_OPTIMIZATION_LEVEL = "-O";
				VALIDATE_PRODUCT = YES;
			};
			name = Release;
		};
		846ECA032A83A339000DF1CE /* Debug */ = {
			isa = XCBuildConfiguration;
			buildSettings = {
				ASSETCATALOG_COMPILER_APPICON_NAME = AppIcon;
				ASSETCATALOG_COMPILER_GLOBAL_ACCENT_COLOR_NAME = AccentColor;
				CODE_SIGN_STYLE = Automatic;
				CURRENT_PROJECT_VERSION = 1;
				DEVELOPMENT_ASSET_PATHS = "\"NewsMultiplatform/Preview Content\"";
				DEVELOPMENT_TEAM = 45BPS947ZY;
				ENABLE_PREVIEWS = YES;
				GENERATE_INFOPLIST_FILE = YES;
				INFOPLIST_FILE = NewsMultiplatform/Info.plist;
				INFOPLIST_KEY_UIApplicationSceneManifest_Generation = YES;
				INFOPLIST_KEY_UIApplicationSupportsIndirectInputEvents = YES;
				INFOPLIST_KEY_UILaunchScreen_Generation = YES;
				INFOPLIST_KEY_UISupportedInterfaceOrientations_iPad = "UIInterfaceOrientationPortrait UIInterfaceOrientationPortraitUpsideDown UIInterfaceOrientationLandscapeLeft UIInterfaceOrientationLandscapeRight";
				INFOPLIST_KEY_UISupportedInterfaceOrientations_iPhone = "UIInterfaceOrientationPortrait UIInterfaceOrientationLandscapeLeft UIInterfaceOrientationLandscapeRight";
				IPHONEOS_DEPLOYMENT_TARGET = 16.0;
				LD_RUNPATH_SEARCH_PATHS = (
					"$(inherited)",
					"@executable_path/Frameworks",
				);
				MARKETING_VERSION = 1.0;
				PRODUCT_BUNDLE_IDENTIFIER = com.iosdream.NewsMultiplatform;
				PRODUCT_NAME = "$(TARGET_NAME)";
				SWIFT_EMIT_LOC_STRINGS = YES;
				SWIFT_VERSION = 5.0;
				TARGETED_DEVICE_FAMILY = "1,2";
			};
			name = Debug;
		};
		846ECA042A83A339000DF1CE /* Release */ = {
			isa = XCBuildConfiguration;
			buildSettings = {
				ASSETCATALOG_COMPILER_APPICON_NAME = AppIcon;
				ASSETCATALOG_COMPILER_GLOBAL_ACCENT_COLOR_NAME = AccentColor;
				CODE_SIGN_STYLE = Automatic;
				CURRENT_PROJECT_VERSION = 1;
				DEVELOPMENT_ASSET_PATHS = "\"NewsMultiplatform/Preview Content\"";
				DEVELOPMENT_TEAM = 45BPS947ZY;
				ENABLE_PREVIEWS = YES;
				GENERATE_INFOPLIST_FILE = YES;
				INFOPLIST_FILE = NewsMultiplatform/Info.plist;
				INFOPLIST_KEY_UIApplicationSceneManifest_Generation = YES;
				INFOPLIST_KEY_UIApplicationSupportsIndirectInputEvents = YES;
				INFOPLIST_KEY_UILaunchScreen_Generation = YES;
				INFOPLIST_KEY_UISupportedInterfaceOrientations_iPad = "UIInterfaceOrientationPortrait UIInterfaceOrientationPortraitUpsideDown UIInterfaceOrientationLandscapeLeft UIInterfaceOrientationLandscapeRight";
				INFOPLIST_KEY_UISupportedInterfaceOrientations_iPhone = "UIInterfaceOrientationPortrait UIInterfaceOrientationLandscapeLeft UIInterfaceOrientationLandscapeRight";
				IPHONEOS_DEPLOYMENT_TARGET = 16.0;
				LD_RUNPATH_SEARCH_PATHS = (
					"$(inherited)",
					"@executable_path/Frameworks",
				);
				MARKETING_VERSION = 1.0;
				PRODUCT_BUNDLE_IDENTIFIER = com.iosdream.NewsMultiplatform;
				PRODUCT_NAME = "$(TARGET_NAME)";
				SWIFT_EMIT_LOC_STRINGS = YES;
				SWIFT_VERSION = 5.0;
				TARGETED_DEVICE_FAMILY = "1,2";
			};
			name = Release;
		};
/* End XCBuildConfiguration section */

/* Begin XCConfigurationList section */
		842D60822A92349F006AD3EB /* Build configuration list for PBXNativeTarget "NewsTV" */ = {
			isa = XCConfigurationList;
			buildConfigurations = (
				842D60802A92349F006AD3EB /* Debug */,
				842D60812A92349F006AD3EB /* Release */,
			);
			defaultConfigurationIsVisible = 0;
			defaultConfigurationName = Release;
		};
		844D225F2A8A821600638249 /* Build configuration list for PBXNativeTarget "NewsMMMac" */ = {
			isa = XCConfigurationList;
			buildConfigurations = (
				844D22602A8A821600638249 /* Debug */,
				844D22612A8A821600638249 /* Release */,
			);
			defaultConfigurationIsVisible = 0;
			defaultConfigurationName = Release;
		};
		844D22992A8C168200638249 /* Build configuration list for PBXNativeTarget "NewsWatch Watch App" */ = {
			isa = XCConfigurationList;
			buildConfigurations = (
				844D229A2A8C168200638249 /* Debug */,
				844D229B2A8C168200638249 /* Release */,
			);
			defaultConfigurationIsVisible = 0;
			defaultConfigurationName = Release;
		};
		844D229D2A8C168200638249 /* Build configuration list for PBXNativeTarget "NewsWatch" */ = {
			isa = XCConfigurationList;
			buildConfigurations = (
				844D229E2A8C168200638249 /* Debug */,
				844D229F2A8C168200638249 /* Release */,
			);
			defaultConfigurationIsVisible = 0;
			defaultConfigurationName = Release;
		};
		846EC9EF2A83A337000DF1CE /* Build configuration list for PBXProject "NewsMultiplatform" */ = {
			isa = XCConfigurationList;
			buildConfigurations = (
				846ECA002A83A339000DF1CE /* Debug */,
				846ECA012A83A339000DF1CE /* Release */,
			);
			defaultConfigurationIsVisible = 0;
			defaultConfigurationName = Release;
		};
		846ECA022A83A339000DF1CE /* Build configuration list for PBXNativeTarget "NewsMultiplatform" */ = {
			isa = XCConfigurationList;
			buildConfigurations = (
				846ECA032A83A339000DF1CE /* Debug */,
				846ECA042A83A339000DF1CE /* Release */,
			);
			defaultConfigurationIsVisible = 0;
			defaultConfigurationName = Release;
		};
/* End XCConfigurationList section */
	};
	rootObject = 846EC9EC2A83A337000DF1CE /* Project object */;
}
